
Microsoft Visual Studio Solution File, Format Version 12.00
# Visual Studio Version 17
VisualStudioVersion = 17.5.002.0
MinimumVisualStudioVersion = 10.0.40219.1
Project("{9A19103F-16F7-4668-BE54-9A1E7A4F7556}") = "MauiVisionSample", "MauiVisionSample.csproj", "{BE4C4235-3412-43B6-B20B-5DA067DDAFA7}"
EndProject
Global
	GlobalSection(SolutionConfigurationPlatforms) = preSolution
		Debug|Any CPU = Debug|Any CPU
		Release|Any CPU = Release|Any CPU
	EndGlobalSection
	GlobalSection(ProjectConfigurationPlatforms) = postSolution
		{BE4C4235-3412-43B6-B20B-5DA067DDAFA7}.Debug|Any CPU.ActiveCfg = Debug|Any CPU
		{BE4C4235-3412-43B6-B20B-5DA067DDAFA7}.Debug|Any CPU.Build.0 = Debug|Any CPU
		{BE4C4235-3412-43B6-B20B-5DA067DDAFA7}.Release|Any CPU.ActiveCfg = Release|Any CPU
		{BE4C4235-3412-43B6-B20B-5DA067DDAFA7}.Release|Any CPU.Build.0 = Release|Any CPU
	EndGlobalSection
	GlobalSection(SolutionProperties) = preSolution
		HideSolutionNode = FALSE
	EndGlobalSection
	GlobalSection(ExtensibilityGlobals) = postSolution
		SolutionGuid = {7539A4F1-2116-49D9-819F-51E743AE904A}
	EndGlobalSection
EndGlobal
