// !$*UTF8*$!
{
	archiveVersion = 1;
	classes = {
	};
	objectVersion = 50;
	objects = {

/* Begin PBXBuildFile section */
		2E64B72128F7656400A55A0B /* ssd_mobilenet_v1.ort in Resources */ = {isa = PBXBuildFile; fileRef = 2E64B72028F7656400A55A0B /* ssd_mobilenet_v1.ort */; };
		5182220826793930003B00DB /* Main.storyboard in Resources */ = {isa = PBXBuildFile; fileRef = 5182220726793930003B00DB /* Main.storyboard */; };
		5182220A2679440C003B00DB /* labelmap.txt in Resources */ = {isa = PBXBuildFile; fileRef = 518222092679440B003B00DB /* labelmap.txt */; };
		5182220C26795576003B00DB /* SceneDelegate.swift in Sources */ = {isa = PBXBuildFile; fileRef = 5182220B26795576003B00DB /* SceneDelegate.swift */; };
		51A25D44266E9C3C0087C801 /* AppDelegate.swift in Sources */ = {isa = PBXBuildFile; fileRef = 51A25D43266E9C3C0087C801 /* AppDelegate.swift */; };
		51A25D48266E9C3C0087C801 /* ViewController.swift in Sources */ = {isa = PBXBuildFile; fileRef = 51A25D47266E9C3C0087C801 /* ViewController.swift */; };
		51A25D4D266E9C3E0087C801 /* Assets.xcassets in Resources */ = {isa = PBXBuildFile; fileRef = 51A25D4C266E9C3E0087C801 /* Assets.xcassets */; };
		51A25D5A266E9CA60087C801 /* LaunchScreen.storyboard in Resources */ = {isa = PBXBuildFile; fileRef = 51A25D58266E9CA60087C801 /* LaunchScreen.storyboard */; };
		51A25D5E266EA1680087C801 /* PreviewView.swift in Sources */ = {isa = PBXBuildFile; fileRef = 51A25D5D266EA1680087C801 /* PreviewView.swift */; };
		51A25D60266EA6F90087C801 /* InferenceViewController.swift in Sources */ = {isa = PBXBuildFile; fileRef = 51A25D5F266EA6F90087C801 /* InferenceViewController.swift */; };
		51A25D62266EA7210087C801 /* InfoCell.swift in Sources */ = {isa = PBXBuildFile; fileRef = 51A25D61266EA7210087C801 /* InfoCell.swift */; };
		51A25D64266EA7460087C801 /* ModelHandler.swift in Sources */ = {isa = PBXBuildFile; fileRef = 51A25D63266EA7460087C801 /* ModelHandler.swift */; };
		51A25D66266EA7AE0087C801 /* CameraManager.swift in Sources */ = {isa = PBXBuildFile; fileRef = 51A25D65266EA7AE0087C801 /* CameraManager.swift */; };
		51A25D6926715ECD0087C801 /* OverlayView.swift in Sources */ = {isa = PBXBuildFile; fileRef = 51A25D6826715ECD0087C801 /* OverlayView.swift */; };
		EF2E2B1E26FAAD93005C8A04 /* ORTObjectDetectionTests.swift in Sources */ = {isa = PBXBuildFile; fileRef = EF2E2B1D26FAAD93005C8A04 /* ORTObjectDetectionTests.swift */; };
/* End PBXBuildFile section */

/* Begin PBXContainerItemProxy section */
		EF2E2B2026FAAD93005C8A04 /* PBXContainerItemProxy */ = {
			isa = PBXContainerItemProxy;
			containerPortal = 51A25D38266E9C3C0087C801 /* Project object */;
			proxyType = 1;
			remoteGlobalIDString = 51A25D3F266E9C3C0087C801;
			remoteInfo = ORTObjectDetection;
		};
/* End PBXContainerItemProxy section */

/* Begin PBXFileReference section */
		2E64B72028F7656400A55A0B /* ssd_mobilenet_v1.ort */ = {isa = PBXFileReference; lastKnownFileType = file; path = ssd_mobilenet_v1.ort; sourceTree = "<group>"; };
		5182220726793930003B00DB /* Main.storyboard */ = {isa = PBXFileReference; fileEncoding = 4; lastKnownFileType = file.storyboard; path = Main.storyboard; sourceTree = "<group>"; };
		518222092679440B003B00DB /* labelmap.txt */ = {isa = PBXFileReference; fileEncoding = 4; lastKnownFileType = text; path = labelmap.txt; sourceTree = "<group>"; };
		5182220B26795576003B00DB /* SceneDelegate.swift */ = {isa = PBXFileReference; fileEncoding = 4; lastKnownFileType = sourcecode.swift; path = SceneDelegate.swift; sourceTree = "<group>"; };
		51A25D40266E9C3C0087C801 /* ORTObjectDetection.app */ = {isa = PBXFileReference; explicitFileType = wrapper.application; includeInIndex = 0; path = ORTObjectDetection.app; sourceTree = BUILT_PRODUCTS_DIR; };
		51A25D43266E9C3C0087C801 /* AppDelegate.swift */ = {isa = PBXFileReference; lastKnownFileType = sourcecode.swift; path = AppDelegate.swift; sourceTree = "<group>"; };
		51A25D47266E9C3C0087C801 /* ViewController.swift */ = {isa = PBXFileReference; lastKnownFileType = sourcecode.swift; path = ViewController.swift; sourceTree = "<group>"; };
		51A25D4C266E9C3E0087C801 /* Assets.xcassets */ = {isa = PBXFileReference; lastKnownFileType = folder.assetcatalog; path = Assets.xcassets; sourceTree = "<group>"; };
		51A25D51266E9C3E0087C801 /* Info.plist */ = {isa = PBXFileReference; lastKnownFileType = text.plist.xml; path = Info.plist; sourceTree = "<group>"; };
		51A25D58266E9CA60087C801 /* LaunchScreen.storyboard */ = {isa = PBXFileReference; fileEncoding = 4; lastKnownFileType = file.storyboard; path = LaunchScreen.storyboard; sourceTree = "<group>"; };
		51A25D5D266EA1680087C801 /* PreviewView.swift */ = {isa = PBXFileReference; fileEncoding = 4; lastKnownFileType = sourcecode.swift; path = PreviewView.swift; sourceTree = "<group>"; };
		51A25D5F266EA6F90087C801 /* InferenceViewController.swift */ = {isa = PBXFileReference; fileEncoding = 4; lastKnownFileType = sourcecode.swift; path = InferenceViewController.swift; sourceTree = "<group>"; };
		51A25D61266EA7210087C801 /* InfoCell.swift */ = {isa = PBXFileReference; fileEncoding = 4; lastKnownFileType = sourcecode.swift; path = InfoCell.swift; sourceTree = "<group>"; };
		51A25D63266EA7460087C801 /* ModelHandler.swift */ = {isa = PBXFileReference; fileEncoding = 4; lastKnownFileType = sourcecode.swift; path = ModelHandler.swift; sourceTree = "<group>"; };
		51A25D65266EA7AE0087C801 /* CameraManager.swift */ = {isa = PBXFileReference; fileEncoding = 4; lastKnownFileType = sourcecode.swift; path = CameraManager.swift; sourceTree = "<group>"; };
		51A25D67267137B70087C801 /* BridgingHeader.h */ = {isa = PBXFileReference; lastKnownFileType = sourcecode.c.h; path = BridgingHeader.h; sourceTree = "<group>"; };
		51A25D6826715ECD0087C801 /* OverlayView.swift */ = {isa = PBXFileReference; lastKnownFileType = sourcecode.swift; path = OverlayView.swift; sourceTree = "<group>"; };
		EF2E2B1B26FAAD93005C8A04 /* ORTObjectDetectionTests.xctest */ = {isa = PBXFileReference; explicitFileType = wrapper.cfbundle; includeInIndex = 0; path = ORTObjectDetectionTests.xctest; sourceTree = BUILT_PRODUCTS_DIR; };
		EF2E2B1D26FAAD93005C8A04 /* ORTObjectDetectionTests.swift */ = {isa = PBXFileReference; lastKnownFileType = sourcecode.swift; path = ORTObjectDetectionTests.swift; sourceTree = "<group>"; };
		EF2E2B1F26FAAD93005C8A04 /* Info.plist */ = {isa = PBXFileReference; lastKnownFileType = text.plist.xml; path = Info.plist; sourceTree = "<group>"; };
/* End PBXFileReference section */

/* Begin PBXFrameworksBuildPhase section */
		51A25D3D266E9C3C0087C801 /* Frameworks */ = {
			isa = PBXFrameworksBuildPhase;
			buildActionMask = 2147483647;
			files = (
			);
			runOnlyForDeploymentPostprocessing = 0;
		};
		EF2E2B1826FAAD93005C8A04 /* Frameworks */ = {
			isa = PBXFrameworksBuildPhase;
			buildActionMask = 2147483647;
			files = (
			);
			runOnlyForDeploymentPostprocessing = 0;
		};
/* End PBXFrameworksBuildPhase section */

/* Begin PBXGroup section */
		51A25D37266E9C3C0087C801 = {
			isa = PBXGroup;
			children = (
				51A25D42266E9C3C0087C801 /* ORTObjectDetection */,
				EF2E2B1C26FAAD93005C8A04 /* ORTObjectDetectionTests */,
				51A25D41266E9C3C0087C801 /* Products */,
				ADE614CCAFBAB253A7AF155D /* Pods */,
			);
			sourceTree = "<group>";
		};
		51A25D41266E9C3C0087C801 /* Products */ = {
			isa = PBXGroup;
			children = (
				51A25D40266E9C3C0087C801 /* ORTObjectDetection.app */,
				EF2E2B1B26FAAD93005C8A04 /* ORTObjectDetectionTests.xctest */,
			);
			name = Products;
			sourceTree = "<group>";
		};
		51A25D42266E9C3C0087C801 /* ORTObjectDetection */ = {
			isa = PBXGroup;
			children = (
				51A25D5C266EA0030087C801 /* ModelsAndData */,
				51A25D57266E9C8F0087C801 /* Storyboards */,
				51A25D43266E9C3C0087C801 /* AppDelegate.swift */,
				5182220B26795576003B00DB /* SceneDelegate.swift */,
				51A25D47266E9C3C0087C801 /* ViewController.swift */,
				51A25D5D266EA1680087C801 /* PreviewView.swift */,
				51A25D5F266EA6F90087C801 /* InferenceViewController.swift */,
				51A25D4C266E9C3E0087C801 /* Assets.xcassets */,
				51A25D61266EA7210087C801 /* InfoCell.swift */,
				51A25D65266EA7AE0087C801 /* CameraManager.swift */,
				51A25D63266EA7460087C801 /* ModelHandler.swift */,
				51A25D51266E9C3E0087C801 /* Info.plist */,
				51A25D67267137B70087C801 /* BridgingHeader.h */,
				51A25D6826715ECD0087C801 /* OverlayView.swift */,
			);
			path = ORTObjectDetection;
			sourceTree = "<group>";
		};
		51A25D57266E9C8F0087C801 /* Storyboards */ = {
			isa = PBXGroup;
			children = (
				5182220726793930003B00DB /* Main.storyboard */,
				51A25D58266E9CA60087C801 /* LaunchScreen.storyboard */,
			);
			path = Storyboards;
			sourceTree = "<group>";
		};
		51A25D5C266EA0030087C801 /* ModelsAndData */ = {
			isa = PBXGroup;
			children = (
				2E64B72028F7656400A55A0B /* ssd_mobilenet_v1.ort */,
				518222092679440B003B00DB /* labelmap.txt */,
			);
			path = ModelsAndData;
			sourceTree = "<group>";
		};
		ADE614CCAFBAB253A7AF155D /* Pods */ = {
			isa = PBXGroup;
			children = (
			);
			path = Pods;
			sourceTree = "<group>";
		};
		EF2E2B1C26FAAD93005C8A04 /* ORTObjectDetectionTests */ = {
			isa = PBXGroup;
			children = (
				EF2E2B1D26FAAD93005C8A04 /* ORTObjectDetectionTests.swift */,
				EF2E2B1F26FAAD93005C8A04 /* Info.plist */,
			);
			path = ORTObjectDetectionTests;
			sourceTree = "<group>";
		};
/* End PBXGroup section */

/* Begin PBXNativeTarget section */
		51A25D3F266E9C3C0087C801 /* ORTObjectDetection */ = {
			isa = PBXNativeTarget;
			buildConfigurationList = 51A25D54266E9C3E0087C801 /* Build configuration list for PBXNativeTarget "ORTObjectDetection" */;
			buildPhases = (
				51A25D3C266E9C3C0087C801 /* Sources */,
				51A25D3D266E9C3C0087C801 /* Frameworks */,
				51A25D3E266E9C3C0087C801 /* Resources */,
			);
			buildRules = (
			);
			dependencies = (
			);
			name = ORTObjectDetection;
			productName = ORTObjectDetection;
			productReference = 51A25D40266E9C3C0087C801 /* ORTObjectDetection.app */;
			productType = "com.apple.product-type.application";
		};
		EF2E2B1A26FAAD93005C8A04 /* ORTObjectDetectionTests */ = {
			isa = PBXNativeTarget;
			buildConfigurationList = EF2E2B2426FAAD93005C8A04 /* Build configuration list for PBXNativeTarget "ORTObjectDetectionTests" */;
			buildPhases = (
				EF2E2B1726FAAD93005C8A04 /* Sources */,
				EF2E2B1826FAAD93005C8A04 /* Frameworks */,
				EF2E2B1926FAAD93005C8A04 /* Resources */,
			);
			buildRules = (
			);
			dependencies = (
				EF2E2B2126FAAD93005C8A04 /* PBXTargetDependency */,
			);
			name = ORTObjectDetectionTests;
			productName = ORTObjectDetectionTests;
			productReference = EF2E2B1B26FAAD93005C8A04 /* ORTObjectDetectionTests.xctest */;
			productType = "com.apple.product-type.bundle.unit-test";
		};
/* End PBXNativeTarget section */

/* Begin PBXProject section */
		51A25D38266E9C3C0087C801 /* Project object */ = {
			isa = PBXProject;
			attributes = {
				LastSwiftUpdateCheck = 1250;
				LastUpgradeCheck = 1250;
				TargetAttributes = {
					51A25D3F266E9C3C0087C801 = {
						CreatedOnToolsVersion = 12.5;
					};
					EF2E2B1A26FAAD93005C8A04 = {
						CreatedOnToolsVersion = 12.5.1;
						TestTargetID = 51A25D3F266E9C3C0087C801;
					};
				};
			};
			buildConfigurationList = 51A25D3B266E9C3C0087C801 /* Build configuration list for PBXProject "ORTObjectDetection" */;
			compatibilityVersion = "Xcode 9.3";
			developmentRegion = en;
			hasScannedForEncodings = 0;
			knownRegions = (
				en,
				Base,
			);
			mainGroup = 51A25D37266E9C3C0087C801;
			productRefGroup = 51A25D41266E9C3C0087C801 /* Products */;
			projectDirPath = "";
			projectRoot = "";
			targets = (
				51A25D3F266E9C3C0087C801 /* ORTObjectDetection */,
				EF2E2B1A26FAAD93005C8A04 /* ORTObjectDetectionTests */,
			);
		};
/* End PBXProject section */

/* Begin PBXResourcesBuildPhase section */
		51A25D3E266E9C3C0087C801 /* Resources */ = {
			isa = PBXResourcesBuildPhase;
			buildActionMask = 2147483647;
			files = (
				51A25D5A266E9CA60087C801 /* LaunchScreen.storyboard in Resources */,
				5182220A2679440C003B00DB /* labelmap.txt in Resources */,
				2E64B72128F7656400A55A0B /* ssd_mobilenet_v1.ort in Resources */,
				5182220826793930003B00DB /* Main.storyboard in Resources */,
				51A25D4D266E9C3E0087C801 /* Assets.xcassets in Resources */,
			);
			runOnlyForDeploymentPostprocessing = 0;
		};
		EF2E2B1926FAAD93005C8A04 /* Resources */ = {
			isa = PBXResourcesBuildPhase;
			buildActionMask = 2147483647;
			files = (
			);
			runOnlyForDeploymentPostprocessing = 0;
		};
/* End PBXResourcesBuildPhase section */

/* Begin PBXSourcesBuildPhase section */
		51A25D3C266E9C3C0087C801 /* Sources */ = {
			isa = PBXSourcesBuildPhase;
			buildActionMask = 2147483647;
			files = (
				51A25D6926715ECD0087C801 /* OverlayView.swift in Sources */,
				51A25D48266E9C3C0087C801 /* ViewController.swift in Sources */,
				5182220C26795576003B00DB /* SceneDelegate.swift in Sources */,
				51A25D60266EA6F90087C801 /* InferenceViewController.swift in Sources */,
				51A25D66266EA7AE0087C801 /* CameraManager.swift in Sources */,
				51A25D5E266EA1680087C801 /* PreviewView.swift in Sources */,
				51A25D44266E9C3C0087C801 /* AppDelegate.swift in Sources */,
				51A25D64266EA7460087C801 /* ModelHandler.swift in Sources */,
				51A25D62266EA7210087C801 /* InfoCell.swift in Sources */,
			);
			runOnlyForDeploymentPostprocessing = 0;
		};
		EF2E2B1726FAAD93005C8A04 /* Sources */ = {
			isa = PBXSourcesBuildPhase;
			buildActionMask = 2147483647;
			files = (
				EF2E2B1E26FAAD93005C8A04 /* ORTObjectDetectionTests.swift in Sources */,
			);
			runOnlyForDeploymentPostprocessing = 0;
		};
/* End PBXSourcesBuildPhase section */

/* Begin PBXTargetDependency section */
		EF2E2B2126FAAD93005C8A04 /* PBXTargetDependency */ = {
			isa = PBXTargetDependency;
			target = 51A25D3F266E9C3C0087C801 /* ORTObjectDetection */;
			targetProxy = EF2E2B2026FAAD93005C8A04 /* PBXContainerItemProxy */;
		};
/* End PBXTargetDependency section */

/* Begin XCBuildConfiguration section */
		51A25D52266E9C3E0087C801 /* Debug */ = {
			isa = XCBuildConfiguration;
			buildSettings = {
				ALWAYS_SEARCH_USER_PATHS = NO;
				CLANG_ANALYZER_NONNULL = YES;
				CLANG_ANALYZER_NUMBER_OBJECT_CONVERSION = YES_AGGRESSIVE;
				CLANG_CXX_LANGUAGE_STANDARD = "gnu++14";
				CLANG_CXX_LIBRARY = "libc++";
				CLANG_ENABLE_MODULES = YES;
				CLANG_ENABLE_OBJC_ARC = YES;
				CLANG_ENABLE_OBJC_WEAK = YES;
				CLANG_WARN_BLOCK_CAPTURE_AUTORELEASING = YES;
				CLANG_WARN_BOOL_CONVERSION = YES;
				CLANG_WARN_COMMA = YES;
				CLANG_WARN_CONSTANT_CONVERSION = YES;
				CLANG_WARN_DEPRECATED_OBJC_IMPLEMENTATIONS = YES;
				CLANG_WARN_DIRECT_OBJC_ISA_USAGE = YES_ERROR;
				CLANG_WARN_DOCUMENTATION_COMMENTS = YES;
				CLANG_WARN_EMPTY_BODY = YES;
				CLANG_WARN_ENUM_CONVERSION = YES;
				CLANG_WARN_INFINITE_RECURSION = YES;
				CLANG_WARN_INT_CONVERSION = YES;
				CLANG_WARN_NON_LITERAL_NULL_CONVERSION = YES;
				CLANG_WARN_OBJC_IMPLICIT_RETAIN_SELF = YES;
				CLANG_WARN_OBJC_LITERAL_CONVERSION = YES;
				CLANG_WARN_OBJC_ROOT_CLASS = YES_ERROR;
				CLANG_WARN_QUOTED_INCLUDE_IN_FRAMEWORK_HEADER = YES;
				CLANG_WARN_RANGE_LOOP_ANALYSIS = YES;
				CLANG_WARN_STRICT_PROTOTYPES = YES;
				CLANG_WARN_SUSPICIOUS_MOVE = YES;
				CLANG_WARN_UNGUARDED_AVAILABILITY = YES_AGGRESSIVE;
				CLANG_WARN_UNREACHABLE_CODE = YES;
				CLANG_WARN__DUPLICATE_METHOD_MATCH = YES;
				COPY_PHASE_STRIP = NO;
				DEBUG_INFORMATION_FORMAT = dwarf;
				ENABLE_STRICT_OBJC_MSGSEND = YES;
				ENABLE_TESTABILITY = YES;
				GCC_C_LANGUAGE_STANDARD = gnu11;
				GCC_DYNAMIC_NO_PIC = NO;
				GCC_NO_COMMON_BLOCKS = YES;
				GCC_OPTIMIZATION_LEVEL = 0;
				GCC_PREPROCESSOR_DEFINITIONS = (
					"DEBUG=1",
					"$(inherited)",
				);
				GCC_WARN_64_TO_32_BIT_CONVERSION = YES;
				GCC_WARN_ABOUT_RETURN_TYPE = YES_ERROR;
				GCC_WARN_UNDECLARED_SELECTOR = YES;
				GCC_WARN_UNINITIALIZED_AUTOS = YES_AGGRESSIVE;
				GCC_WARN_UNUSED_FUNCTION = YES;
				GCC_WARN_UNUSED_VARIABLE = YES;
				IPHONEOS_DEPLOYMENT_TARGET = 14.5;
				MTL_ENABLE_DEBUG_INFO = INCLUDE_SOURCE;
				MTL_FAST_MATH = YES;
				ONLY_ACTIVE_ARCH = YES;
				SDKROOT = iphoneos;
				SWIFT_ACTIVE_COMPILATION_CONDITIONS = DEBUG;
				SWIFT_OPTIMIZATION_LEVEL = "-Onone";
			};
			name = Debug;
		};
		51A25D53266E9C3E0087C801 /* Release */ = {
			isa = XCBuildConfiguration;
			buildSettings = {
				ALWAYS_SEARCH_USER_PATHS = NO;
				CLANG_ANALYZER_NONNULL = YES;
				CLANG_ANALYZER_NUMBER_OBJECT_CONVERSION = YES_AGGRESSIVE;
				CLANG_CXX_LANGUAGE_STANDARD = "gnu++14";
				CLANG_CXX_LIBRARY = "libc++";
				CLANG_ENABLE_MODULES = YES;
				CLANG_ENABLE_OBJC_ARC = YES;
				CLANG_ENABLE_OBJC_WEAK = YES;
				CLANG_WARN_BLOCK_CAPTURE_AUTORELEASING = YES;
				CLANG_WARN_BOOL_CONVERSION = YES;
				CLANG_WARN_COMMA = YES;
				CLANG_WARN_CONSTANT_CONVERSION = YES;
				CLANG_WARN_DEPRECATED_OBJC_IMPLEMENTATIONS = YES;
				CLANG_WARN_DIRECT_OBJC_ISA_USAGE = YES_ERROR;
				CLANG_WARN_DOCUMENTATION_COMMENTS = YES;
				CLANG_WARN_EMPTY_BODY = YES;
				CLANG_WARN_ENUM_CONVERSION = YES;
				CLANG_WARN_INFINITE_RECURSION = YES;
				CLANG_WARN_INT_CONVERSION = YES;
				CLANG_WARN_NON_LITERAL_NULL_CONVERSION = YES;
				CLANG_WARN_OBJC_IMPLICIT_RETAIN_SELF = YES;
				CLANG_WARN_OBJC_LITERAL_CONVERSION = YES;
				CLANG_WARN_OBJC_ROOT_CLASS = YES_ERROR;
				CLANG_WARN_QUOTED_INCLUDE_IN_FRAMEWORK_HEADER = YES;
				CLANG_WARN_RANGE_LOOP_ANALYSIS = YES;
				CLANG_WARN_STRICT_PROTOTYPES = YES;
				CLANG_WARN_SUSPICIOUS_MOVE = YES;
				CLANG_WARN_UNGUARDED_AVAILABILITY = YES_AGGRESSIVE;
				CLANG_WARN_UNREACHABLE_CODE = YES;
				CLANG_WARN__DUPLICATE_METHOD_MATCH = YES;
				COPY_PHASE_STRIP = NO;
				DEBUG_INFORMATION_FORMAT = "dwarf-with-dsym";
				ENABLE_NS_ASSERTIONS = NO;
				ENABLE_STRICT_OBJC_MSGSEND = YES;
				GCC_C_LANGUAGE_STANDARD = gnu11;
				GCC_NO_COMMON_BLOCKS = YES;
				GCC_WARN_64_TO_32_BIT_CONVERSION = YES;
				GCC_WARN_ABOUT_RETURN_TYPE = YES_ERROR;
				GCC_WARN_UNDECLARED_SELECTOR = YES;
				GCC_WARN_UNINITIALIZED_AUTOS = YES_AGGRESSIVE;
				GCC_WARN_UNUSED_FUNCTION = YES;
				GCC_WARN_UNUSED_VARIABLE = YES;
				IPHONEOS_DEPLOYMENT_TARGET = 14.5;
				MTL_ENABLE_DEBUG_INFO = NO;
				MTL_FAST_MATH = YES;
				SDKROOT = iphoneos;
				SWIFT_COMPILATION_MODE = wholemodule;
				SWIFT_OPTIMIZATION_LEVEL = "-O";
				VALIDATE_PRODUCT = YES;
			};
			name = Release;
		};
		51A25D55266E9C3E0087C801 /* Debug */ = {
			isa = XCBuildConfiguration;
			buildSettings = {
				ASSETCATALOG_COMPILER_APPICON_NAME = AppIcon;
				ASSETCATALOG_COMPILER_GLOBAL_ACCENT_COLOR_NAME = AccentColor;
				CODE_SIGN_STYLE = Automatic;
				DEVELOPMENT_TEAM = UBF8T346G9;
				INFOPLIST_FILE = ORTObjectDetection/Info.plist;
				LD_RUNPATH_SEARCH_PATHS = (
					"$(inherited)",
					"@executable_path/Frameworks",
				);
				PRODUCT_BUNDLE_IDENTIFIER = com.MS.ORTObjectDetection;
				PRODUCT_NAME = "$(TARGET_NAME)";
				SWIFT_OBJC_BRIDGING_HEADER = "$(SRCROOT)/ORTObjectDetection/BridgingHeader.h";
				SWIFT_VERSION = 5.0;
				TARGETED_DEVICE_FAMILY = "1,2";
			};
			name = Debug;
		};
		51A25D56266E9C3E0087C801 /* Release */ = {
			isa = XCBuildConfiguration;
			buildSettings = {
				ASSETCATALOG_COMPILER_APPICON_NAME = AppIcon;
				ASSETCATALOG_COMPILER_GLOBAL_ACCENT_COLOR_NAME = AccentColor;
				CODE_SIGN_STYLE = Automatic;
				DEVELOPMENT_TEAM = UBF8T346G9;
				INFOPLIST_FILE = ORTObjectDetection/Info.plist;
				LD_RUNPATH_SEARCH_PATHS = (
					"$(inherited)",
					"@executable_path/Frameworks",
				);
				PRODUCT_BUNDLE_IDENTIFIER = com.MS.ORTObjectDetection;
				PRODUCT_NAME = "$(TARGET_NAME)";
				SWIFT_OBJC_BRIDGING_HEADER = "$(SRCROOT)/ORTObjectDetection/BridgingHeader.h";
				SWIFT_VERSION = 5.0;
				TARGETED_DEVICE_FAMILY = "1,2";
			};
			name = Release;
		};
		EF2E2B2226FAAD93005C8A04 /* Debug */ = {
			isa = XCBuildConfiguration;
			buildSettings = {
				BUNDLE_LOADER = "$(TEST_HOST)";
				CODE_SIGN_STYLE = Automatic;
				INFOPLIST_FILE = ORTObjectDetectionTests/Info.plist;
				LD_RUNPATH_SEARCH_PATHS = (
					"$(inherited)",
					"@executable_path/Frameworks",
					"@loader_path/Frameworks",
				);
				PRODUCT_BUNDLE_IDENTIFIER = com.onnxruntime.ORTObjectDetectionTests;
				PRODUCT_NAME = "$(TARGET_NAME)";
				SWIFT_OBJC_BRIDGING_HEADER = "$(SRCROOT)/ORTObjectDetection/BridgingHeader.h";
				SWIFT_VERSION = 5.0;
				TARGETED_DEVICE_FAMILY = "1,2";
				TEST_HOST = "$(BUILT_PRODUCTS_DIR)/ORTObjectDetection.app/ORTObjectDetection";
			};
			name = Debug;
		};
		EF2E2B2326FAAD93005C8A04 /* Release */ = {
			isa = XCBuildConfiguration;
			buildSettings = {
				BUNDLE_LOADER = "$(TEST_HOST)";
				CODE_SIGN_STYLE = Automatic;
				INFOPLIST_FILE = ORTObjectDetectionTests/Info.plist;
				LD_RUNPATH_SEARCH_PATHS = (
					"$(inherited)",
					"@executable_path/Frameworks",
					"@loader_path/Frameworks",
				);
				PRODUCT_BUNDLE_IDENTIFIER = com.onnxruntime.ORTObjectDetectionTests;
				PRODUCT_NAME = "$(TARGET_NAME)";
				SWIFT_OBJC_BRIDGING_HEADER = "$(SRCROOT)/ORTObjectDetection/BridgingHeader.h";
				SWIFT_VERSION = 5.0;
				TARGETED_DEVICE_FAMILY = "1,2";
				TEST_HOST = "$(BUILT_PRODUCTS_DIR)/ORTObjectDetection.app/ORTObjectDetection";
			};
			name = Release;
		};
/* End XCBuildConfiguration section */

/* Begin XCConfigurationList section */
		51A25D3B266E9C3C0087C801 /* Build configuration list for PBXProject "ORTObjectDetection" */ = {
			isa = XCConfigurationList;
			buildConfigurations = (
				51A25D52266E9C3E0087C801 /* Debug */,
				51A25D53266E9C3E0087C801 /* Release */,
			);
			defaultConfigurationIsVisible = 0;
			defaultConfigurationName = Release;
		};
		51A25D54266E9C3E0087C801 /* Build configuration list for PBXNativeTarget "ORTObjectDetection" */ = {
			isa = XCConfigurationList;
			buildConfigurations = (
				51A25D55266E9C3E0087C801 /* Debug */,
				51A25D56266E9C3E0087C801 /* Release */,
			);
			defaultConfigurationIsVisible = 0;
			defaultConfigurationName = Release;
		};
		EF2E2B2426FAAD93005C8A04 /* Build configuration list for PBXNativeTarget "ORTObjectDetectionTests" */ = {
			isa = XCConfigurationList;
			buildConfigurations = (
				EF2E2B2226FAAD93005C8A04 /* Debug */,
				EF2E2B2326FAAD93005C8A04 /* Release */,
			);
			defaultConfigurationIsVisible = 0;
			defaultConfigurationName = Release;
		};
/* End XCConfigurationList section */
	};
	rootObject = 51A25D38266E9C3C0087C801 /* Project object */;
}
