// !$*UTF8*$!
{
	archiveVersion = 1;
	classes = {
	};
	objectVersion = 50;
	objects = {

/* Begin PBXBuildFile section */
		2E64B71F28F7633600A55A0B /* single_add.ort in Resources */ = {isa = PBXBuildFile; fileRef = 2E64B71E28F7633600A55A0B /* single_add.ort */; };
		EFC1563927DAC3C300B35F2D /* single_add.onnx in Resources */ = {isa = PBXBuildFile; fileRef = EFC1563827DAC3C300B35F2D /* single_add.onnx */; };
		EFE2379726841B8D00234E2C /* ContentView.swift in Sources */ = {isa = PBXBuildFile; fileRef = EFE2379626841B8D00234E2C /* ContentView.swift */; };
		EFE2379926841B8E00234E2C /* Assets.xcassets in Resources */ = {isa = PBXBuildFile; fileRef = EFE2379826841B8E00234E2C /* Assets.xcassets */; };
		EFE2379C26841B8E00234E2C /* Preview Assets.xcassets in Resources */ = {isa = PBXBuildFile; fileRef = EFE2379B26841B8E00234E2C /* Preview Assets.xcassets */; };
		EFE237A726841B8F00234E2C /* OrtBasicUsageTests.swift in Sources */ = {isa = PBXBuildFile; fileRef = EFE237A626841B8F00234E2C /* OrtBasicUsageTests.swift */; };
		EFE237C426841D2C00234E2C /* ObjcOrtBasicUsage.mm in Sources */ = {isa = PBXBuildFile; fileRef = EFE237C126841D2C00234E2C /* ObjcOrtBasicUsage.mm */; };
		EFE237C526841D2C00234E2C /* OrtBasicUsageApp.swift in Sources */ = {isa = PBXBuildFile; fileRef = EFE237C226841D2C00234E2C /* OrtBasicUsageApp.swift */; };
		EFE237C726841D5A00234E2C /* SwiftOrtBasicUsage.swift in Sources */ = {isa = PBXBuildFile; fileRef = EFE237C626841D5A00234E2C /* SwiftOrtBasicUsage.swift */; };
/* End PBXBuildFile section */

/* Begin PBXContainerItemProxy section */
		EFE237A326841B8F00234E2C /* PBXContainerItemProxy */ = {
			isa = PBXContainerItemProxy;
			containerPortal = EFE2378926841B8D00234E2C /* Project object */;
			proxyType = 1;
			remoteGlobalIDString = EFE2379026841B8D00234E2C;
			remoteInfo = OrtBasicUsage;
		};
/* End PBXContainerItemProxy section */

/* Begin PBXFileReference section */
		2E64B71E28F7633600A55A0B /* single_add.ort */ = {isa = PBXFileReference; lastKnownFileType = file; name = single_add.ort; path = model/single_add.ort; sourceTree = "<group>"; };
		EFC1563827DAC3C300B35F2D /* single_add.onnx */ = {isa = PBXFileReference; lastKnownFileType = file; name = single_add.onnx; path = model/single_add.onnx; sourceTree = "<group>"; };
		EFE2379126841B8D00234E2C /* OrtBasicUsage.app */ = {isa = PBXFileReference; explicitFileType = wrapper.application; includeInIndex = 0; path = OrtBasicUsage.app; sourceTree = BUILT_PRODUCTS_DIR; };
		EFE2379626841B8D00234E2C /* ContentView.swift */ = {isa = PBXFileReference; lastKnownFileType = sourcecode.swift; path = ContentView.swift; sourceTree = "<group>"; };
		EFE2379826841B8E00234E2C /* Assets.xcassets */ = {isa = PBXFileReference; lastKnownFileType = folder.assetcatalog; path = Assets.xcassets; sourceTree = "<group>"; };
		EFE2379B26841B8E00234E2C /* Preview Assets.xcassets */ = {isa = PBXFileReference; lastKnownFileType = folder.assetcatalog; path = "Preview Assets.xcassets"; sourceTree = "<group>"; };
		EFE2379D26841B8E00234E2C /* Info.plist */ = {isa = PBXFileReference; lastKnownFileType = text.plist.xml; path = Info.plist; sourceTree = "<group>"; };
		EFE237A226841B8F00234E2C /* OrtBasicUsageTests.xctest */ = {isa = PBXFileReference; explicitFileType = wrapper.cfbundle; includeInIndex = 0; path = OrtBasicUsageTests.xctest; sourceTree = BUILT_PRODUCTS_DIR; };
		EFE237A626841B8F00234E2C /* OrtBasicUsageTests.swift */ = {isa = PBXFileReference; lastKnownFileType = sourcecode.swift; path = OrtBasicUsageTests.swift; sourceTree = "<group>"; };
		EFE237A826841B8F00234E2C /* Info.plist */ = {isa = PBXFileReference; lastKnownFileType = text.plist.xml; path = Info.plist; sourceTree = "<group>"; };
		EFE237BF26841D2B00234E2C /* OrtBasicUsage-Bridging-Header.h */ = {isa = PBXFileReference; lastKnownFileType = sourcecode.c.h; path = "OrtBasicUsage-Bridging-Header.h"; sourceTree = "<group>"; };
		EFE237C126841D2C00234E2C /* ObjcOrtBasicUsage.mm */ = {isa = PBXFileReference; fileEncoding = 4; lastKnownFileType = sourcecode.cpp.objcpp; path = ObjcOrtBasicUsage.mm; sourceTree = "<group>"; };
		EFE237C226841D2C00234E2C /* OrtBasicUsageApp.swift */ = {isa = PBXFileReference; fileEncoding = 4; lastKnownFileType = sourcecode.swift; path = OrtBasicUsageApp.swift; sourceTree = "<group>"; };
		EFE237C326841D2C00234E2C /* ObjcOrtBasicUsage.h */ = {isa = PBXFileReference; fileEncoding = 4; lastKnownFileType = sourcecode.c.h; path = ObjcOrtBasicUsage.h; sourceTree = "<group>"; };
		EFE237C626841D5A00234E2C /* SwiftOrtBasicUsage.swift */ = {isa = PBXFileReference; fileEncoding = 4; lastKnownFileType = sourcecode.swift; path = SwiftOrtBasicUsage.swift; sourceTree = "<group>"; };
/* End PBXFileReference section */

/* Begin PBXFrameworksBuildPhase section */
		EFE2378E26841B8D00234E2C /* Frameworks */ = {
			isa = PBXFrameworksBuildPhase;
			buildActionMask = 2147483647;
			files = (
			);
			runOnlyForDeploymentPostprocessing = 0;
		};
		EFE2379F26841B8F00234E2C /* Frameworks */ = {
			isa = PBXFrameworksBuildPhase;
			buildActionMask = 2147483647;
			files = (
			);
			runOnlyForDeploymentPostprocessing = 0;
		};
/* End PBXFrameworksBuildPhase section */

/* Begin PBXGroup section */
		1562EC039D3BF6370E7491C7 /* Pods */ = {
			isa = PBXGroup;
			children = (
			);
			path = Pods;
			sourceTree = "<group>";
		};
		EFE2378826841B8D00234E2C = {
			isa = PBXGroup;
			children = (
				EFE2379326841B8D00234E2C /* OrtBasicUsage */,
				EFE237A526841B8F00234E2C /* OrtBasicUsageTests */,
				EFE2379226841B8D00234E2C /* Products */,
				1562EC039D3BF6370E7491C7 /* Pods */,
			);
			sourceTree = "<group>";
		};
		EFE2379226841B8D00234E2C /* Products */ = {
			isa = PBXGroup;
			children = (
				EFE2379126841B8D00234E2C /* OrtBasicUsage.app */,
				EFE237A226841B8F00234E2C /* OrtBasicUsageTests.xctest */,
			);
			name = Products;
			sourceTree = "<group>";
		};
		EFE2379326841B8D00234E2C /* OrtBasicUsage */ = {
			isa = PBXGroup;
			children = (
				2E64B71E28F7633600A55A0B /* single_add.ort */,
				EFC1563827DAC3C300B35F2D /* single_add.onnx */,
				EFE237C626841D5A00234E2C /* SwiftOrtBasicUsage.swift */,
				EFE237C326841D2C00234E2C /* ObjcOrtBasicUsage.h */,
				EFE237C126841D2C00234E2C /* ObjcOrtBasicUsage.mm */,
				EFE237C226841D2C00234E2C /* OrtBasicUsageApp.swift */,
				EFE2379626841B8D00234E2C /* ContentView.swift */,
				EFE2379826841B8E00234E2C /* Assets.xcassets */,
				EFE2379D26841B8E00234E2C /* Info.plist */,
				EFE2379A26841B8E00234E2C /* Preview Content */,
				EFE237BF26841D2B00234E2C /* OrtBasicUsage-Bridging-Header.h */,
			);
			path = OrtBasicUsage;
			sourceTree = "<group>";
		};
		EFE2379A26841B8E00234E2C /* Preview Content */ = {
			isa = PBXGroup;
			children = (
				EFE2379B26841B8E00234E2C /* Preview Assets.xcassets */,
			);
			path = "Preview Content";
			sourceTree = "<group>";
		};
		EFE237A526841B8F00234E2C /* OrtBasicUsageTests */ = {
			isa = PBXGroup;
			children = (
				EFE237A626841B8F00234E2C /* OrtBasicUsageTests.swift */,
				EFE237A826841B8F00234E2C /* Info.plist */,
			);
			path = OrtBasicUsageTests;
			sourceTree = "<group>";
		};
/* End PBXGroup section */

/* Begin PBXNativeTarget section */
		EFE2379026841B8D00234E2C /* OrtBasicUsage */ = {
			isa = PBXNativeTarget;
			buildConfigurationList = EFE237B626841B8F00234E2C /* Build configuration list for PBXNativeTarget "OrtBasicUsage" */;
			buildPhases = (
				EFE2378D26841B8D00234E2C /* Sources */,
				EFE2378E26841B8D00234E2C /* Frameworks */,
				EFE2378F26841B8D00234E2C /* Resources */,
			);
			buildRules = (
			);
			dependencies = (
			);
			name = OrtBasicUsage;
			productName = OrtBasicUsage;
			productReference = EFE2379126841B8D00234E2C /* OrtBasicUsage.app */;
			productType = "com.apple.product-type.application";
		};
		EFE237A126841B8F00234E2C /* OrtBasicUsageTests */ = {
			isa = PBXNativeTarget;
			buildConfigurationList = EFE237B926841B8F00234E2C /* Build configuration list for PBXNativeTarget "OrtBasicUsageTests" */;
			buildPhases = (
				EFE2379E26841B8F00234E2C /* Sources */,
				EFE2379F26841B8F00234E2C /* Frameworks */,
				EFE237A026841B8F00234E2C /* Resources */,
			);
			buildRules = (
			);
			dependencies = (
				EFE237A426841B8F00234E2C /* PBXTargetDependency */,
			);
			name = OrtBasicUsageTests;
			productName = OrtBasicUsageTests;
			productReference = EFE237A226841B8F00234E2C /* OrtBasicUsageTests.xctest */;
			productType = "com.apple.product-type.bundle.unit-test";
		};
/* End PBXNativeTarget section */

/* Begin PBXProject section */
		EFE2378926841B8D00234E2C /* Project object */ = {
			isa = PBXProject;
			attributes = {
				LastSwiftUpdateCheck = 1250;
				LastUpgradeCheck = 1250;
				TargetAttributes = {
					EFE2379026841B8D00234E2C = {
						CreatedOnToolsVersion = 12.5.1;
						LastSwiftMigration = 1250;
					};
					EFE237A126841B8F00234E2C = {
						CreatedOnToolsVersion = 12.5.1;
						TestTargetID = EFE2379026841B8D00234E2C;
					};
				};
			};
			buildConfigurationList = EFE2378C26841B8D00234E2C /* Build configuration list for PBXProject "OrtBasicUsage" */;
			compatibilityVersion = "Xcode 9.3";
			developmentRegion = en;
			hasScannedForEncodings = 0;
			knownRegions = (
				en,
				Base,
			);
			mainGroup = EFE2378826841B8D00234E2C;
			productRefGroup = EFE2379226841B8D00234E2C /* Products */;
			projectDirPath = "";
			projectRoot = "";
			targets = (
				EFE2379026841B8D00234E2C /* OrtBasicUsage */,
				EFE237A126841B8F00234E2C /* OrtBasicUsageTests */,
			);
		};
/* End PBXProject section */

/* Begin PBXResourcesBuildPhase section */
		EFE2378F26841B8D00234E2C /* Resources */ = {
			isa = PBXResourcesBuildPhase;
			buildActionMask = 2147483647;
			files = (
				EFE2379C26841B8E00234E2C /* Preview Assets.xcassets in Resources */,
				EFC1563927DAC3C300B35F2D /* single_add.onnx in Resources */,
				EFE2379926841B8E00234E2C /* Assets.xcassets in Resources */,
				2E64B71F28F7633600A55A0B /* single_add.ort in Resources */,
			);
			runOnlyForDeploymentPostprocessing = 0;
		};
		EFE237A026841B8F00234E2C /* Resources */ = {
			isa = PBXResourcesBuildPhase;
			buildActionMask = 2147483647;
			files = (
			);
			runOnlyForDeploymentPostprocessing = 0;
		};
/* End PBXResourcesBuildPhase section */

/* Begin PBXSourcesBuildPhase section */
		EFE2378D26841B8D00234E2C /* Sources */ = {
			isa = PBXSourcesBuildPhase;
			buildActionMask = 2147483647;
			files = (
				EFE237C726841D5A00234E2C /* SwiftOrtBasicUsage.swift in Sources */,
				EFE237C426841D2C00234E2C /* ObjcOrtBasicUsage.mm in Sources */,
				EFE237C526841D2C00234E2C /* OrtBasicUsageApp.swift in Sources */,
				EFE2379726841B8D00234E2C /* ContentView.swift in Sources */,
			);
			runOnlyForDeploymentPostprocessing = 0;
		};
		EFE2379E26841B8F00234E2C /* Sources */ = {
			isa = PBXSourcesBuildPhase;
			buildActionMask = 2147483647;
			files = (
				EFE237A726841B8F00234E2C /* OrtBasicUsageTests.swift in Sources */,
			);
			runOnlyForDeploymentPostprocessing = 0;
		};
/* End PBXSourcesBuildPhase section */

/* Begin PBXTargetDependency section */
		EFE237A426841B8F00234E2C /* PBXTargetDependency */ = {
			isa = PBXTargetDependency;
			target = EFE2379026841B8D00234E2C /* OrtBasicUsage */;
			targetProxy = EFE237A326841B8F00234E2C /* PBXContainerItemProxy */;
		};
/* End PBXTargetDependency section */

/* Begin XCBuildConfiguration section */
		EFE237B426841B8F00234E2C /* Debug */ = {
			isa = XCBuildConfiguration;
			buildSettings = {
				ALWAYS_SEARCH_USER_PATHS = NO;
				CLANG_ANALYZER_NONNULL = YES;
				CLANG_ANALYZER_NUMBER_OBJECT_CONVERSION = YES_AGGRESSIVE;
				CLANG_CXX_LANGUAGE_STANDARD = "gnu++14";
				CLANG_CXX_LIBRARY = "libc++";
				CLANG_ENABLE_MODULES = YES;
				CLANG_ENABLE_OBJC_ARC = YES;
				CLANG_ENABLE_OBJC_WEAK = YES;
				CLANG_WARN_BLOCK_CAPTURE_AUTORELEASING = YES;
				CLANG_WARN_BOOL_CONVERSION = YES;
				CLANG_WARN_COMMA = YES;
				CLANG_WARN_CONSTANT_CONVERSION = YES;
				CLANG_WARN_DEPRECATED_OBJC_IMPLEMENTATIONS = YES;
				CLANG_WARN_DIRECT_OBJC_ISA_USAGE = YES_ERROR;
				CLANG_WARN_DOCUMENTATION_COMMENTS = YES;
				CLANG_WARN_EMPTY_BODY = YES;
				CLANG_WARN_ENUM_CONVERSION = YES;
				CLANG_WARN_INFINITE_RECURSION = YES;
				CLANG_WARN_INT_CONVERSION = YES;
				CLANG_WARN_NON_LITERAL_NULL_CONVERSION = YES;
				CLANG_WARN_OBJC_IMPLICIT_RETAIN_SELF = YES;
				CLANG_WARN_OBJC_LITERAL_CONVERSION = YES;
				CLANG_WARN_OBJC_ROOT_CLASS = YES_ERROR;
				CLANG_WARN_QUOTED_INCLUDE_IN_FRAMEWORK_HEADER = YES;
				CLANG_WARN_RANGE_LOOP_ANALYSIS = YES;
				CLANG_WARN_STRICT_PROTOTYPES = YES;
				CLANG_WARN_SUSPICIOUS_MOVE = YES;
				CLANG_WARN_UNGUARDED_AVAILABILITY = YES_AGGRESSIVE;
				CLANG_WARN_UNREACHABLE_CODE = YES;
				CLANG_WARN__DUPLICATE_METHOD_MATCH = YES;
				COPY_PHASE_STRIP = NO;
				DEBUG_INFORMATION_FORMAT = dwarf;
				ENABLE_STRICT_OBJC_MSGSEND = YES;
				ENABLE_TESTABILITY = YES;
				GCC_C_LANGUAGE_STANDARD = gnu11;
				GCC_DYNAMIC_NO_PIC = NO;
				GCC_NO_COMMON_BLOCKS = YES;
				GCC_OPTIMIZATION_LEVEL = 0;
				GCC_PREPROCESSOR_DEFINITIONS = (
					"DEBUG=1",
					"$(inherited)",
				);
				GCC_WARN_64_TO_32_BIT_CONVERSION = YES;
				GCC_WARN_ABOUT_RETURN_TYPE = YES_ERROR;
				GCC_WARN_UNDECLARED_SELECTOR = YES;
				GCC_WARN_UNINITIALIZED_AUTOS = YES_AGGRESSIVE;
				GCC_WARN_UNUSED_FUNCTION = YES;
				GCC_WARN_UNUSED_VARIABLE = YES;
				IPHONEOS_DEPLOYMENT_TARGET = 14.5;
				MTL_ENABLE_DEBUG_INFO = INCLUDE_SOURCE;
				MTL_FAST_MATH = YES;
				ONLY_ACTIVE_ARCH = YES;
				SDKROOT = iphoneos;
				SWIFT_ACTIVE_COMPILATION_CONDITIONS = DEBUG;
				SWIFT_OPTIMIZATION_LEVEL = "-Onone";
			};
			name = Debug;
		};
		EFE237B526841B8F00234E2C /* Release */ = {
			isa = XCBuildConfiguration;
			buildSettings = {
				ALWAYS_SEARCH_USER_PATHS = NO;
				CLANG_ANALYZER_NONNULL = YES;
				CLANG_ANALYZER_NUMBER_OBJECT_CONVERSION = YES_AGGRESSIVE;
				CLANG_CXX_LANGUAGE_STANDARD = "gnu++14";
				CLANG_CXX_LIBRARY = "libc++";
				CLANG_ENABLE_MODULES = YES;
				CLANG_ENABLE_OBJC_ARC = YES;
				CLANG_ENABLE_OBJC_WEAK = YES;
				CLANG_WARN_BLOCK_CAPTURE_AUTORELEASING = YES;
				CLANG_WARN_BOOL_CONVERSION = YES;
				CLANG_WARN_COMMA = YES;
				CLANG_WARN_CONSTANT_CONVERSION = YES;
				CLANG_WARN_DEPRECATED_OBJC_IMPLEMENTATIONS = YES;
				CLANG_WARN_DIRECT_OBJC_ISA_USAGE = YES_ERROR;
				CLANG_WARN_DOCUMENTATION_COMMENTS = YES;
				CLANG_WARN_EMPTY_BODY = YES;
				CLANG_WARN_ENUM_CONVERSION = YES;
				CLANG_WARN_INFINITE_RECURSION = YES;
				CLANG_WARN_INT_CONVERSION = YES;
				CLANG_WARN_NON_LITERAL_NULL_CONVERSION = YES;
				CLANG_WARN_OBJC_IMPLICIT_RETAIN_SELF = YES;
				CLANG_WARN_OBJC_LITERAL_CONVERSION = YES;
				CLANG_WARN_OBJC_ROOT_CLASS = YES_ERROR;
				CLANG_WARN_QUOTED_INCLUDE_IN_FRAMEWORK_HEADER = YES;
				CLANG_WARN_RANGE_LOOP_ANALYSIS = YES;
				CLANG_WARN_STRICT_PROTOTYPES = YES;
				CLANG_WARN_SUSPICIOUS_MOVE = YES;
				CLANG_WARN_UNGUARDED_AVAILABILITY = YES_AGGRESSIVE;
				CLANG_WARN_UNREACHABLE_CODE = YES;
				CLANG_WARN__DUPLICATE_METHOD_MATCH = YES;
				COPY_PHASE_STRIP = NO;
				DEBUG_INFORMATION_FORMAT = "dwarf-with-dsym";
				ENABLE_NS_ASSERTIONS = NO;
				ENABLE_STRICT_OBJC_MSGSEND = YES;
				GCC_C_LANGUAGE_STANDARD = gnu11;
				GCC_NO_COMMON_BLOCKS = YES;
				GCC_WARN_64_TO_32_BIT_CONVERSION = YES;
				GCC_WARN_ABOUT_RETURN_TYPE = YES_ERROR;
				GCC_WARN_UNDECLARED_SELECTOR = YES;
				GCC_WARN_UNINITIALIZED_AUTOS = YES_AGGRESSIVE;
				GCC_WARN_UNUSED_FUNCTION = YES;
				GCC_WARN_UNUSED_VARIABLE = YES;
				IPHONEOS_DEPLOYMENT_TARGET = 14.5;
				MTL_ENABLE_DEBUG_INFO = NO;
				MTL_FAST_MATH = YES;
				SDKROOT = iphoneos;
				SWIFT_COMPILATION_MODE = wholemodule;
				SWIFT_OPTIMIZATION_LEVEL = "-O";
				VALIDATE_PRODUCT = YES;
			};
			name = Release;
		};
		EFE237B726841B8F00234E2C /* Debug */ = {
			isa = XCBuildConfiguration;
			buildSettings = {
				ASSETCATALOG_COMPILER_APPICON_NAME = AppIcon;
				ASSETCATALOG_COMPILER_GLOBAL_ACCENT_COLOR_NAME = AccentColor;
				CLANG_ENABLE_MODULES = YES;
				CODE_SIGN_STYLE = Automatic;
				DEVELOPMENT_ASSET_PATHS = "\"OrtBasicUsage/Preview Content\"";
				ENABLE_PREVIEWS = YES;
				INFOPLIST_FILE = OrtBasicUsage/Info.plist;
				IPHONEOS_DEPLOYMENT_TARGET = 14.0;
				LD_RUNPATH_SEARCH_PATHS = (
					"$(inherited)",
					"@executable_path/Frameworks",
				);
				PRODUCT_BUNDLE_IDENTIFIER = com.onnxruntime.OrtBasicUsage;
				PRODUCT_NAME = "$(TARGET_NAME)";
				SWIFT_OBJC_BRIDGING_HEADER = "OrtBasicUsage/OrtBasicUsage-Bridging-Header.h";
				SWIFT_OPTIMIZATION_LEVEL = "-Onone";
				SWIFT_VERSION = 5.0;
				TARGETED_DEVICE_FAMILY = "1,2";
			};
			name = Debug;
		};
		EFE237B826841B8F00234E2C /* Release */ = {
			isa = XCBuildConfiguration;
			buildSettings = {
				ASSETCATALOG_COMPILER_APPICON_NAME = AppIcon;
				ASSETCATALOG_COMPILER_GLOBAL_ACCENT_COLOR_NAME = AccentColor;
				CLANG_ENABLE_MODULES = YES;
				CODE_SIGN_STYLE = Automatic;
				DEVELOPMENT_ASSET_PATHS = "\"OrtBasicUsage/Preview Content\"";
				ENABLE_PREVIEWS = YES;
				INFOPLIST_FILE = OrtBasicUsage/Info.plist;
				IPHONEOS_DEPLOYMENT_TARGET = 14.0;
				LD_RUNPATH_SEARCH_PATHS = (
					"$(inherited)",
					"@executable_path/Frameworks",
				);
				PRODUCT_BUNDLE_IDENTIFIER = com.onnxruntime.OrtBasicUsage;
				PRODUCT_NAME = "$(TARGET_NAME)";
				SWIFT_OBJC_BRIDGING_HEADER = "OrtBasicUsage/OrtBasicUsage-Bridging-Header.h";
				SWIFT_VERSION = 5.0;
				TARGETED_DEVICE_FAMILY = "1,2";
			};
			name = Release;
		};
		EFE237BA26841B8F00234E2C /* Debug */ = {
			isa = XCBuildConfiguration;
			buildSettings = {
				ALWAYS_EMBED_SWIFT_STANDARD_LIBRARIES = YES;
				BUNDLE_LOADER = "$(TEST_HOST)";
				CODE_SIGN_STYLE = Automatic;
				INFOPLIST_FILE = OrtBasicUsageTests/Info.plist;
				IPHONEOS_DEPLOYMENT_TARGET = 14.0;
				LD_RUNPATH_SEARCH_PATHS = (
					"$(inherited)",
					"@executable_path/Frameworks",
					"@loader_path/Frameworks",
				);
				PRODUCT_BUNDLE_IDENTIFIER = com.onnxruntime.OrtBasicUsageTests;
				PRODUCT_NAME = "$(TARGET_NAME)";
				SWIFT_VERSION = 5.0;
				TARGETED_DEVICE_FAMILY = "1,2";
				TEST_HOST = "$(BUILT_PRODUCTS_DIR)/OrtBasicUsage.app/OrtBasicUsage";
			};
			name = Debug;
		};
		EFE237BB26841B8F00234E2C /* Release */ = {
			isa = XCBuildConfiguration;
			buildSettings = {
				ALWAYS_EMBED_SWIFT_STANDARD_LIBRARIES = YES;
				BUNDLE_LOADER = "$(TEST_HOST)";
				CODE_SIGN_STYLE = Automatic;
				INFOPLIST_FILE = OrtBasicUsageTests/Info.plist;
				IPHONEOS_DEPLOYMENT_TARGET = 14.0;
				LD_RUNPATH_SEARCH_PATHS = (
					"$(inherited)",
					"@executable_path/Frameworks",
					"@loader_path/Frameworks",
				);
				PRODUCT_BUNDLE_IDENTIFIER = com.onnxruntime.OrtBasicUsageTests;
				PRODUCT_NAME = "$(TARGET_NAME)";
				SWIFT_VERSION = 5.0;
				TARGETED_DEVICE_FAMILY = "1,2";
				TEST_HOST = "$(BUILT_PRODUCTS_DIR)/OrtBasicUsage.app/OrtBasicUsage";
			};
			name = Release;
		};
/* End XCBuildConfiguration section */

/* Begin XCConfigurationList section */
		EFE2378C26841B8D00234E2C /* Build configuration list for PBXProject "OrtBasicUsage" */ = {
			isa = XCConfigurationList;
			buildConfigurations = (
				EFE237B426841B8F00234E2C /* Debug */,
				EFE237B526841B8F00234E2C /* Release */,
			);
			defaultConfigurationIsVisible = 0;
			defaultConfigurationName = Release;
		};
		EFE237B626841B8F00234E2C /* Build configuration list for PBXNativeTarget "OrtBasicUsage" */ = {
			isa = XCConfigurationList;
			buildConfigurations = (
				EFE237B726841B8F00234E2C /* Debug */,
				EFE237B826841B8F00234E2C /* Release */,
			);
			defaultConfigurationIsVisible = 0;
			defaultConfigurationName = Release;
		};
		EFE237B926841B8F00234E2C /* Build configuration list for PBXNativeTarget "OrtBasicUsageTests" */ = {
			isa = XCConfigurationList;
			buildConfigurations = (
				EFE237BA26841B8F00234E2C /* Debug */,
				EFE237BB26841B8F00234E2C /* Release */,
			);
			defaultConfigurationIsVisible = 0;
			defaultConfigurationName = Release;
		};
/* End XCConfigurationList section */
	};
	rootObject = EFE2378926841B8D00234E2C /* Project object */;
}
