// !$*UTF8*$!
{
	archiveVersion = 1;
	classes = {
	};
	objectVersion = 56;
	objects = {

/* Begin PBXBuildFile section */
		516442052BF67A40005818DB /* phi3-mini-4k-instruct-cpu-int4-rtn-block-32-acc-level-4.onnx in CopyFiles */ = {isa = PBXBuildFile; fileRef = 516441FB2BF67A3F005818DB /* phi3-mini-4k-instruct-cpu-int4-rtn-block-32-acc-level-4.onnx */; };
		516442062BF67A40005818DB /* phi3-mini-4k-instruct-cpu-int4-rtn-block-32-acc-level-4.onnx.data in CopyFiles */ = {isa = PBXBuildFile; fileRef = 516441FC2BF67A40005818DB /* phi3-mini-4k-instruct-cpu-int4-rtn-block-32-acc-level-4.onnx.data */; };
		516442072BF67A40005818DB /* added_tokens.json in CopyFiles */ = {isa = PBXBuildFile; fileRef = 516441FD2BF67A40005818DB /* added_tokens.json */; };
		516442082BF67A40005818DB /* genai_config.json in CopyFiles */ = {isa = PBXBuildFile; fileRef = 516441FE2BF67A40005818DB /* genai_config.json */; };
		516442092BF67A40005818DB /* tokenizer.json in CopyFiles */ = {isa = PBXBuildFile; fileRef = 516441FF2BF67A40005818DB /* tokenizer.json */; };
		5164420A2BF67A40005818DB /* tokenizer.model in CopyFiles */ = {isa = PBXBuildFile; fileRef = 516442002BF67A40005818DB /* tokenizer.model */; };
		5164420B2BF67A40005818DB /* tokenizer_config.json in CopyFiles */ = {isa = PBXBuildFile; fileRef = 516442012BF67A40005818DB /* tokenizer_config.json */; };
		5164420C2BF67A40005818DB /* config.json in CopyFiles */ = {isa = PBXBuildFile; fileRef = 516442022BF67A40005818DB /* config.json */; };
		5164420D2BF67A40005818DB /* configuration_phi3.py in CopyFiles */ = {isa = PBXBuildFile; fileRef = 516442032BF67A40005818DB /* configuration_phi3.py */; };
		5164420E2BF67A40005818DB /* special_tokens_map.json in CopyFiles */ = {isa = PBXBuildFile; fileRef = 516442042BF67A40005818DB /* special_tokens_map.json */; };
		FD182CE72BE87CCC0049E85F /* AppDelegate.m in Sources */ = {isa = PBXBuildFile; fileRef = FD182CE62BE87CCC0049E85F /* AppDelegate.m */; };
		FD182CEA2BE87CCC0049E85F /* SceneDelegate.m in Sources */ = {isa = PBXBuildFile; fileRef = FD182CE92BE87CCC0049E85F /* SceneDelegate.m */; };
		FD182CED2BE87CCC0049E85F /* ViewController.mm in Sources */ = {isa = PBXBuildFile; fileRef = FD182CEC2BE87CCC0049E85F /* ViewController.mm */; };
		FD182CF02BE87CCC0049E85F /* Base in Resources */ = {isa = PBXBuildFile; fileRef = FD182CEF2BE87CCC0049E85F /* Base */; };
		FD182CF22BE87CCE0049E85F /* Assets.xcassets in Resources */ = {isa = PBXBuildFile; fileRef = FD182CF12BE87CCE0049E85F /* Assets.xcassets */; };
		FD182CF52BE87CCE0049E85F /* Base in Resources */ = {isa = PBXBuildFile; fileRef = FD182CF42BE87CCE0049E85F /* Base */; };
		FD182CF82BE87CCE0049E85F /* main.m in Sources */ = {isa = PBXBuildFile; fileRef = FD182CF72BE87CCE0049E85F /* main.m */; };
		FD182D022BE87CCE0049E85F /* GenAIAppTests.m in Sources */ = {isa = PBXBuildFile; fileRef = FD182D012BE87CCE0049E85F /* GenAIAppTests.m */; };
		FD182D0C2BE87CCE0049E85F /* GenAIAppUITests.m in Sources */ = {isa = PBXBuildFile; fileRef = FD182D0B2BE87CCE0049E85F /* GenAIAppUITests.m */; };
		FD182D0E2BE87CCE0049E85F /* GenAIAppUITestsLaunchTests.m in Sources */ = {isa = PBXBuildFile; fileRef = FD182D0D2BE87CCE0049E85F /* GenAIAppUITestsLaunchTests.m */; };
		FDB44D532BE87FE50025C9CC /* libonnxruntime-genai.dylib in Frameworks */ = {isa = PBXBuildFile; fileRef = FDB44D502BE87FE50025C9CC /* libonnxruntime-genai.dylib */; };
		FDB44D542BE87FE50025C9CC /* libonnxruntime.1.19.0.dylib in Frameworks */ = {isa = PBXBuildFile; fileRef = FDB44D512BE87FE50025C9CC /* libonnxruntime.1.19.0.dylib */; };
		FDB44D552BE87FEB0025C9CC /* libonnxruntime-genai.dylib in Embed Libraries */ = {isa = PBXBuildFile; fileRef = FDB44D502BE87FE50025C9CC /* libonnxruntime-genai.dylib */; settings = {ATTRIBUTES = (CodeSignOnCopy, ); }; };
		FDB44D572BE87FEC0025C9CC /* libonnxruntime.1.19.0.dylib in Embed Libraries */ = {isa = PBXBuildFile; fileRef = FDB44D512BE87FE50025C9CC /* libonnxruntime.1.19.0.dylib */; settings = {ATTRIBUTES = (CodeSignOnCopy, ); }; };
/* End PBXBuildFile section */

/* Begin PBXContainerItemProxy section */
		FD182CFE2BE87CCE0049E85F /* PBXContainerItemProxy */ = {
			isa = PBXContainerItemProxy;
			containerPortal = FD182CDA2BE87CCC0049E85F /* Project object */;
			proxyType = 1;
			remoteGlobalIDString = FD182CE12BE87CCC0049E85F;
			remoteInfo = GenAIApp;
		};
		FD182D082BE87CCE0049E85F /* PBXContainerItemProxy */ = {
			isa = PBXContainerItemProxy;
			containerPortal = FD182CDA2BE87CCC0049E85F /* Project object */;
			proxyType = 1;
			remoteGlobalIDString = FD182CE12BE87CCC0049E85F;
			remoteInfo = GenAIApp;
		};
/* End PBXContainerItemProxy section */

/* Begin PBXCopyFilesBuildPhase section */
		516825B82BF440CB00BF2F55 /* CopyFiles */ = {
			isa = PBXCopyFilesBuildPhase;
			buildActionMask = 2147483647;
			dstPath = "";
			dstSubfolderSpec = 7;
			files = (
				516442052BF67A40005818DB /* phi3-mini-4k-instruct-cpu-int4-rtn-block-32-acc-level-4.onnx in CopyFiles */,
				516442062BF67A40005818DB /* phi3-mini-4k-instruct-cpu-int4-rtn-block-32-acc-level-4.onnx.data in CopyFiles */,
				516442072BF67A40005818DB /* added_tokens.json in CopyFiles */,
				516442082BF67A40005818DB /* genai_config.json in CopyFiles */,
				516442092BF67A40005818DB /* tokenizer.json in CopyFiles */,
				5164420A2BF67A40005818DB /* tokenizer.model in CopyFiles */,
				5164420B2BF67A40005818DB /* tokenizer_config.json in CopyFiles */,
				5164420C2BF67A40005818DB /* config.json in CopyFiles */,
				5164420D2BF67A40005818DB /* configuration_phi3.py in CopyFiles */,
				5164420E2BF67A40005818DB /* special_tokens_map.json in CopyFiles */,
			);
			runOnlyForDeploymentPostprocessing = 0;
		};
		FDB44D562BE87FEB0025C9CC /* Embed Libraries */ = {
			isa = PBXCopyFilesBuildPhase;
			buildActionMask = 2147483647;
			dstPath = "";
			dstSubfolderSpec = 10;
			files = (
				FDB44D572BE87FEC0025C9CC /* libonnxruntime.1.19.0.dylib in Embed Libraries */,
				FDB44D552BE87FEB0025C9CC /* libonnxruntime-genai.dylib in Embed Libraries */,
			);
			name = "Embed Libraries";
			runOnlyForDeploymentPostprocessing = 0;
		};
/* End PBXCopyFilesBuildPhase section */

/* Begin PBXFileReference section */
		516441FB2BF67A3F005818DB /* phi3-mini-4k-instruct-cpu-int4-rtn-block-32-acc-level-4.onnx */ = {isa = PBXFileReference; lastKnownFileType = file; name = "phi3-mini-4k-instruct-cpu-int4-rtn-block-32-acc-level-4.onnx"; path = "../../../../../../../../Downloads/cpu-int4-rtn-block-32-acc-level-4/phi3-mini-4k-instruct-cpu-int4-rtn-block-32-acc-level-4.onnx"; sourceTree = "<group>"; };
		516441FC2BF67A40005818DB /* phi3-mini-4k-instruct-cpu-int4-rtn-block-32-acc-level-4.onnx.data */ = {isa = PBXFileReference; lastKnownFileType = file; name = "phi3-mini-4k-instruct-cpu-int4-rtn-block-32-acc-level-4.onnx.data"; path = "../../../../../../../../Downloads/cpu-int4-rtn-block-32-acc-level-4/phi3-mini-4k-instruct-cpu-int4-rtn-block-32-acc-level-4.onnx.data"; sourceTree = "<group>"; };
		516441FD2BF67A40005818DB /* added_tokens.json */ = {isa = PBXFileReference; lastKnownFileType = text.json; name = added_tokens.json; path = "../../../../../../../../Downloads/cpu-int4-rtn-block-32-acc-level-4/added_tokens.json"; sourceTree = "<group>"; };
		516441FE2BF67A40005818DB /* genai_config.json */ = {isa = PBXFileReference; lastKnownFileType = text.json; name = genai_config.json; path = "../../../../../../../../Downloads/cpu-int4-rtn-block-32-acc-level-4/genai_config.json"; sourceTree = "<group>"; };
		516441FF2BF67A40005818DB /* tokenizer.json */ = {isa = PBXFileReference; lastKnownFileType = text.json; name = tokenizer.json; path = "../../../../../../../../Downloads/cpu-int4-rtn-block-32-acc-level-4/tokenizer.json"; sourceTree = "<group>"; };
		516442002BF67A40005818DB /* tokenizer.model */ = {isa = PBXFileReference; lastKnownFileType = file; name = tokenizer.model; path = "../../../../../../../../Downloads/cpu-int4-rtn-block-32-acc-level-4/tokenizer.model"; sourceTree = "<group>"; };
		516442012BF67A40005818DB /* tokenizer_config.json */ = {isa = PBXFileReference; lastKnownFileType = text.json; name = tokenizer_config.json; path = "../../../../../../../../Downloads/cpu-int4-rtn-block-32-acc-level-4/tokenizer_config.json"; sourceTree = "<group>"; };
		516442022BF67A40005818DB /* config.json */ = {isa = PBXFileReference; lastKnownFileType = text.json; name = config.json; path = "../../../../../../../../Downloads/cpu-int4-rtn-block-32-acc-level-4/config.json"; sourceTree = "<group>"; };
		516442032BF67A40005818DB /* configuration_phi3.py */ = {isa = PBXFileReference; lastKnownFileType = text.script.python; name = configuration_phi3.py; path = "../../../../../../../../Downloads/cpu-int4-rtn-block-32-acc-level-4/configuration_phi3.py"; sourceTree = "<group>"; };
		516442042BF67A40005818DB /* special_tokens_map.json */ = {isa = PBXFileReference; lastKnownFileType = text.json; name = special_tokens_map.json; path = "../../../../../../../../Downloads/cpu-int4-rtn-block-32-acc-level-4/special_tokens_map.json"; sourceTree = "<group>"; };
		FD182CE22BE87CCC0049E85F /* GenAIApp.app */ = {isa = PBXFileReference; explicitFileType = wrapper.application; includeInIndex = 0; path = GenAIApp.app; sourceTree = BUILT_PRODUCTS_DIR; };
		FD182CE52BE87CCC0049E85F /* AppDelegate.h */ = {isa = PBXFileReference; lastKnownFileType = sourcecode.c.h; path = AppDelegate.h; sourceTree = "<group>"; };
		FD182CE62BE87CCC0049E85F /* AppDelegate.m */ = {isa = PBXFileReference; lastKnownFileType = sourcecode.c.objc; path = AppDelegate.m; sourceTree = "<group>"; };
		FD182CE82BE87CCC0049E85F /* SceneDelegate.h */ = {isa = PBXFileReference; lastKnownFileType = sourcecode.c.h; path = SceneDelegate.h; sourceTree = "<group>"; };
		FD182CE92BE87CCC0049E85F /* SceneDelegate.m */ = {isa = PBXFileReference; lastKnownFileType = sourcecode.c.objc; path = SceneDelegate.m; sourceTree = "<group>"; };
		FD182CEB2BE87CCC0049E85F /* ViewController.h */ = {isa = PBXFileReference; lastKnownFileType = sourcecode.c.h; path = ViewController.h; sourceTree = "<group>"; };
		FD182CEC2BE87CCC0049E85F /* ViewController.mm */ = {isa = PBXFileReference; lastKnownFileType = sourcecode.cpp.objcpp; path = ViewController.mm; sourceTree = "<group>"; };
		FD182CEF2BE87CCC0049E85F /* Base */ = {isa = PBXFileReference; lastKnownFileType = file.storyboard; name = Base; path = Base.lproj/Main.storyboard; sourceTree = "<group>"; };
		FD182CF12BE87CCE0049E85F /* Assets.xcassets */ = {isa = PBXFileReference; lastKnownFileType = folder.assetcatalog; path = Assets.xcassets; sourceTree = "<group>"; };
		FD182CF42BE87CCE0049E85F /* Base */ = {isa = PBXFileReference; lastKnownFileType = file.storyboard; name = Base; path = Base.lproj/LaunchScreen.storyboard; sourceTree = "<group>"; };
		FD182CF62BE87CCE0049E85F /* Info.plist */ = {isa = PBXFileReference; lastKnownFileType = text.plist.xml; path = Info.plist; sourceTree = "<group>"; };
		FD182CF72BE87CCE0049E85F /* main.m */ = {isa = PBXFileReference; lastKnownFileType = sourcecode.c.objc; path = main.m; sourceTree = "<group>"; };
		FD182CFD2BE87CCE0049E85F /* GenAIAppTests.xctest */ = {isa = PBXFileReference; explicitFileType = wrapper.cfbundle; includeInIndex = 0; path = GenAIAppTests.xctest; sourceTree = BUILT_PRODUCTS_DIR; };
		FD182D012BE87CCE0049E85F /* GenAIAppTests.m */ = {isa = PBXFileReference; lastKnownFileType = sourcecode.c.objc; path = GenAIAppTests.m; sourceTree = "<group>"; };
		FD182D072BE87CCE0049E85F /* GenAIAppUITests.xctest */ = {isa = PBXFileReference; explicitFileType = wrapper.cfbundle; includeInIndex = 0; path = GenAIAppUITests.xctest; sourceTree = BUILT_PRODUCTS_DIR; };
		FD182D0B2BE87CCE0049E85F /* GenAIAppUITests.m */ = {isa = PBXFileReference; lastKnownFileType = sourcecode.c.objc; path = GenAIAppUITests.m; sourceTree = "<group>"; };
		FD182D0D2BE87CCE0049E85F /* GenAIAppUITestsLaunchTests.m */ = {isa = PBXFileReference; lastKnownFileType = sourcecode.c.objc; path = GenAIAppUITestsLaunchTests.m; sourceTree = "<group>"; };
		FDB44D4C2BE87FE50025C9CC /* onnxruntime_c_api.h */ = {isa = PBXFileReference; fileEncoding = 4; lastKnownFileType = sourcecode.c.h; path = onnxruntime_c_api.h; sourceTree = "<group>"; };
		FDB44D4D2BE87FE50025C9CC /* ort_genai_c.h */ = {isa = PBXFileReference; fileEncoding = 4; lastKnownFileType = sourcecode.c.h; path = ort_genai_c.h; sourceTree = "<group>"; };
		FDB44D4E2BE87FE50025C9CC /* ort_genai.h */ = {isa = PBXFileReference; fileEncoding = 4; lastKnownFileType = sourcecode.c.h; path = ort_genai.h; sourceTree = "<group>"; };
		FDB44D502BE87FE50025C9CC /* libonnxruntime-genai.dylib */ = {isa = PBXFileReference; lastKnownFileType = "compiled.mach-o.dylib"; path = "libonnxruntime-genai.dylib"; sourceTree = "<group>"; };
		FDB44D512BE87FE50025C9CC /* libonnxruntime.1.19.0.dylib */ = {isa = PBXFileReference; lastKnownFileType = "compiled.mach-o.dylib"; path = libonnxruntime.1.19.0.dylib; sourceTree = "<group>"; };
/* End PBXFileReference section */

/* Begin PBXFrameworksBuildPhase section */
		FD182CDF2BE87CCC0049E85F /* Frameworks */ = {
			isa = PBXFrameworksBuildPhase;
			buildActionMask = 2147483647;
			files = (
				FDB44D542BE87FE50025C9CC /* libonnxruntime.1.19.0.dylib in Frameworks */,
				FDB44D532BE87FE50025C9CC /* libonnxruntime-genai.dylib in Frameworks */,
			);
			runOnlyForDeploymentPostprocessing = 0;
		};
		FD182CFA2BE87CCE0049E85F /* Frameworks */ = {
			isa = PBXFrameworksBuildPhase;
			buildActionMask = 2147483647;
			files = (
			);
			runOnlyForDeploymentPostprocessing = 0;
		};
		FD182D042BE87CCE0049E85F /* Frameworks */ = {
			isa = PBXFrameworksBuildPhase;
			buildActionMask = 2147483647;
			files = (
			);
			runOnlyForDeploymentPostprocessing = 0;
		};
/* End PBXFrameworksBuildPhase section */

/* Begin PBXGroup section */
		FD182CD92BE87CCC0049E85F = {
			isa = PBXGroup;
			children = (
				516441FD2BF67A40005818DB /* added_tokens.json */,
				516442022BF67A40005818DB /* config.json */,
				516442032BF67A40005818DB /* configuration_phi3.py */,
				516441FE2BF67A40005818DB /* genai_config.json */,
				516441FB2BF67A3F005818DB /* phi3-mini-4k-instruct-cpu-int4-rtn-block-32-acc-level-4.onnx */,
				516441FC2BF67A40005818DB /* phi3-mini-4k-instruct-cpu-int4-rtn-block-32-acc-level-4.onnx.data */,
				516442042BF67A40005818DB /* special_tokens_map.json */,
				516442012BF67A40005818DB /* tokenizer_config.json */,
				516441FF2BF67A40005818DB /* tokenizer.json */,
				516442002BF67A40005818DB /* tokenizer.model */,
				FD182CE42BE87CCC0049E85F /* GenAIApp */,
				FD182D002BE87CCE0049E85F /* GenAIAppTests */,
				FD182D0A2BE87CCE0049E85F /* GenAIAppUITests */,
				FD182CE32BE87CCC0049E85F /* Products */,
			);
			sourceTree = "<group>";
		};
		FD182CE32BE87CCC0049E85F /* Products */ = {
			isa = PBXGroup;
			children = (
				FD182CE22BE87CCC0049E85F /* GenAIApp.app */,
				FD182CFD2BE87CCE0049E85F /* GenAIAppTests.xctest */,
				FD182D072BE87CCE0049E85F /* GenAIAppUITests.xctest */,
			);
			name = Products;
			sourceTree = "<group>";
		};
		FD182CE42BE87CCC0049E85F /* GenAIApp */ = {
			isa = PBXGroup;
			children = (
				FD182CE52BE87CCC0049E85F /* AppDelegate.h */,
				FD182CE62BE87CCC0049E85F /* AppDelegate.m */,
				FD182CE82BE87CCC0049E85F /* SceneDelegate.h */,
				FDB44D4F2BE87FE50025C9CC /* head */,
				FDB44D522BE87FE50025C9CC /* lib */,
				FD182CE92BE87CCC0049E85F /* SceneDelegate.m */,
				FD182CEB2BE87CCC0049E85F /* ViewController.h */,
				FD182CEC2BE87CCC0049E85F /* ViewController.mm */,
				FD182CEE2BE87CCC0049E85F /* Main.storyboard */,
				FD182CF12BE87CCE0049E85F /* Assets.xcassets */,
				FD182CF32BE87CCE0049E85F /* LaunchScreen.storyboard */,
				FD182CF62BE87CCE0049E85F /* Info.plist */,
				FD182CF72BE87CCE0049E85F /* main.m */,
			);
			path = GenAIApp;
			sourceTree = "<group>";
		};
		FD182D002BE87CCE0049E85F /* GenAIAppTests */ = {
			isa = PBXGroup;
			children = (
				FD182D012BE87CCE0049E85F /* GenAIAppTests.m */,
			);
			path = GenAIAppTests;
			sourceTree = "<group>";
		};
		FD182D0A2BE87CCE0049E85F /* GenAIAppUITests */ = {
			isa = PBXGroup;
			children = (
				FD182D0B2BE87CCE0049E85F /* GenAIAppUITests.m */,
				FD182D0D2BE87CCE0049E85F /* GenAIAppUITestsLaunchTests.m */,
			);
			path = GenAIAppUITests;
			sourceTree = "<group>";
		};
		FDB44D4F2BE87FE50025C9CC /* head */ = {
			isa = PBXGroup;
			children = (
				FDB44D4C2BE87FE50025C9CC /* onnxruntime_c_api.h */,
				FDB44D4D2BE87FE50025C9CC /* ort_genai_c.h */,
				FDB44D4E2BE87FE50025C9CC /* ort_genai.h */,
			);
			path = head;
			sourceTree = "<group>";
		};
		FDB44D522BE87FE50025C9CC /* lib */ = {
			isa = PBXGroup;
			children = (
				FDB44D502BE87FE50025C9CC /* libonnxruntime-genai.dylib */,
				FDB44D512BE87FE50025C9CC /* libonnxruntime.1.19.0.dylib */,
			);
			path = lib;
			sourceTree = "<group>";
		};
/* End PBXGroup section */

/* Begin PBXNativeTarget section */
		FD182CE12BE87CCC0049E85F /* GenAIApp */ = {
			isa = PBXNativeTarget;
			buildConfigurationList = FD182D112BE87CCE0049E85F /* Build configuration list for PBXNativeTarget "GenAIApp" */;
			buildPhases = (
				FD182CDE2BE87CCC0049E85F /* Sources */,
				FD182CDF2BE87CCC0049E85F /* Frameworks */,
				FD182CE02BE87CCC0049E85F /* Resources */,
				FDB44D562BE87FEB0025C9CC /* Embed Libraries */,
				516825B82BF440CB00BF2F55 /* CopyFiles */,
			);
			buildRules = (
			);
			dependencies = (
			);
			name = GenAIApp;
			productName = GenAIApp;
			productReference = FD182CE22BE87CCC0049E85F /* GenAIApp.app */;
			productType = "com.apple.product-type.application";
		};
		FD182CFC2BE87CCE0049E85F /* GenAIAppTests */ = {
			isa = PBXNativeTarget;
			buildConfigurationList = FD182D142BE87CCE0049E85F /* Build configuration list for PBXNativeTarget "GenAIAppTests" */;
			buildPhases = (
				FD182CF92BE87CCE0049E85F /* Sources */,
				FD182CFA2BE87CCE0049E85F /* Frameworks */,
				FD182CFB2BE87CCE0049E85F /* Resources */,
			);
			buildRules = (
			);
			dependencies = (
				FD182CFF2BE87CCE0049E85F /* PBXTargetDependency */,
			);
			name = GenAIAppTests;
			productName = GenAIAppTests;
			productReference = FD182CFD2BE87CCE0049E85F /* GenAIAppTests.xctest */;
			productType = "com.apple.product-type.bundle.unit-test";
		};
		FD182D062BE87CCE0049E85F /* GenAIAppUITests */ = {
			isa = PBXNativeTarget;
			buildConfigurationList = FD182D172BE87CCE0049E85F /* Build configuration list for PBXNativeTarget "GenAIAppUITests" */;
			buildPhases = (
				FD182D032BE87CCE0049E85F /* Sources */,
				FD182D042BE87CCE0049E85F /* Frameworks */,
				FD182D052BE87CCE0049E85F /* Resources */,
			);
			buildRules = (
			);
			dependencies = (
				FD182D092BE87CCE0049E85F /* PBXTargetDependency */,
			);
			name = GenAIAppUITests;
			productName = GenAIAppUITests;
			productReference = FD182D072BE87CCE0049E85F /* GenAIAppUITests.xctest */;
			productType = "com.apple.product-type.bundle.ui-testing";
		};
/* End PBXNativeTarget section */

/* Begin PBXProject section */
		FD182CDA2BE87CCC0049E85F /* Project object */ = {
			isa = PBXProject;
			attributes = {
				BuildIndependentTargetsInParallel = 1;
				LastUpgradeCheck = 1530;
				TargetAttributes = {
					FD182CE12BE87CCC0049E85F = {
						CreatedOnToolsVersion = 15.3;
					};
					FD182CFC2BE87CCE0049E85F = {
						CreatedOnToolsVersion = 15.3;
						TestTargetID = FD182CE12BE87CCC0049E85F;
					};
					FD182D062BE87CCE0049E85F = {
						CreatedOnToolsVersion = 15.3;
						TestTargetID = FD182CE12BE87CCC0049E85F;
					};
				};
			};
			buildConfigurationList = FD182CDD2BE87CCC0049E85F /* Build configuration list for PBXProject "GenAIApp" */;
			compatibilityVersion = "Xcode 14.0";
			developmentRegion = en;
			hasScannedForEncodings = 0;
			knownRegions = (
				en,
				Base,
			);
			mainGroup = FD182CD92BE87CCC0049E85F;
			productRefGroup = FD182CE32BE87CCC0049E85F /* Products */;
			projectDirPath = "";
			projectRoot = "";
			targets = (
				FD182CE12BE87CCC0049E85F /* GenAIApp */,
				FD182CFC2BE87CCE0049E85F /* GenAIAppTests */,
				FD182D062BE87CCE0049E85F /* GenAIAppUITests */,
			);
		};
/* End PBXProject section */

/* Begin PBXResourcesBuildPhase section */
		FD182CE02BE87CCC0049E85F /* Resources */ = {
			isa = PBXResourcesBuildPhase;
			buildActionMask = 2147483647;
			files = (
				FD182CF22BE87CCE0049E85F /* Assets.xcassets in Resources */,
				FD182CF52BE87CCE0049E85F /* Base in Resources */,
				FD182CF02BE87CCC0049E85F /* Base in Resources */,
			);
			runOnlyForDeploymentPostprocessing = 0;
		};
		FD182CFB2BE87CCE0049E85F /* Resources */ = {
			isa = PBXResourcesBuildPhase;
			buildActionMask = 2147483647;
			files = (
			);
			runOnlyForDeploymentPostprocessing = 0;
		};
		FD182D052BE87CCE0049E85F /* Resources */ = {
			isa = PBXResourcesBuildPhase;
			buildActionMask = 2147483647;
			files = (
			);
			runOnlyForDeploymentPostprocessing = 0;
		};
/* End PBXResourcesBuildPhase section */

/* Begin PBXSourcesBuildPhase section */
		FD182CDE2BE87CCC0049E85F /* Sources */ = {
			isa = PBXSourcesBuildPhase;
			buildActionMask = 2147483647;
			files = (
				FD182CED2BE87CCC0049E85F /* ViewController.mm in Sources */,
				FD182CE72BE87CCC0049E85F /* AppDelegate.m in Sources */,
				FD182CF82BE87CCE0049E85F /* main.m in Sources */,
				FD182CEA2BE87CCC0049E85F /* SceneDelegate.m in Sources */,
			);
			runOnlyForDeploymentPostprocessing = 0;
		};
		FD182CF92BE87CCE0049E85F /* Sources */ = {
			isa = PBXSourcesBuildPhase;
			buildActionMask = 2147483647;
			files = (
				FD182D022BE87CCE0049E85F /* GenAIAppTests.m in Sources */,
			);
			runOnlyForDeploymentPostprocessing = 0;
		};
		FD182D032BE87CCE0049E85F /* Sources */ = {
			isa = PBXSourcesBuildPhase;
			buildActionMask = 2147483647;
			files = (
				FD182D0C2BE87CCE0049E85F /* GenAIAppUITests.m in Sources */,
				FD182D0E2BE87CCE0049E85F /* GenAIAppUITestsLaunchTests.m in Sources */,
			);
			runOnlyForDeploymentPostprocessing = 0;
		};
/* End PBXSourcesBuildPhase section */

/* Begin PBXTargetDependency section */
		FD182CFF2BE87CCE0049E85F /* PBXTargetDependency */ = {
			isa = PBXTargetDependency;
			target = FD182CE12BE87CCC0049E85F /* GenAIApp */;
			targetProxy = FD182CFE2BE87CCE0049E85F /* PBXContainerItemProxy */;
		};
		FD182D092BE87CCE0049E85F /* PBXTargetDependency */ = {
			isa = PBXTargetDependency;
			target = FD182CE12BE87CCC0049E85F /* GenAIApp */;
			targetProxy = FD182D082BE87CCE0049E85F /* PBXContainerItemProxy */;
		};
/* End PBXTargetDependency section */

/* Begin PBXVariantGroup section */
		FD182CEE2BE87CCC0049E85F /* Main.storyboard */ = {
			isa = PBXVariantGroup;
			children = (
				FD182CEF2BE87CCC0049E85F /* Base */,
			);
			name = Main.storyboard;
			sourceTree = "<group>";
		};
		FD182CF32BE87CCE0049E85F /* LaunchScreen.storyboard */ = {
			isa = PBXVariantGroup;
			children = (
				FD182CF42BE87CCE0049E85F /* Base */,
			);
			name = LaunchScreen.storyboard;
			sourceTree = "<group>";
		};
/* End PBXVariantGroup section */

/* Begin XCBuildConfiguration section */
		FD182D0F2BE87CCE0049E85F /* Debug */ = {
			isa = XCBuildConfiguration;
			buildSettings = {
				ALWAYS_SEARCH_USER_PATHS = NO;
				ASSETCATALOG_COMPILER_GENERATE_SWIFT_ASSET_SYMBOL_EXTENSIONS = YES;
				CLANG_ANALYZER_NONNULL = YES;
				CLANG_ANALYZER_NUMBER_OBJECT_CONVERSION = YES_AGGRESSIVE;
				CLANG_CXX_LANGUAGE_STANDARD = "gnu++20";
				CLANG_ENABLE_MODULES = YES;
				CLANG_ENABLE_OBJC_ARC = YES;
				CLANG_ENABLE_OBJC_WEAK = YES;
				CLANG_WARN_BLOCK_CAPTURE_AUTORELEASING = YES;
				CLANG_WARN_BOOL_CONVERSION = YES;
				CLANG_WARN_COMMA = YES;
				CLANG_WARN_CONSTANT_CONVERSION = YES;
				CLANG_WARN_DEPRECATED_OBJC_IMPLEMENTATIONS = YES;
				CLANG_WARN_DIRECT_OBJC_ISA_USAGE = YES_ERROR;
				CLANG_WARN_DOCUMENTATION_COMMENTS = YES;
				CLANG_WARN_EMPTY_BODY = YES;
				CLANG_WARN_ENUM_CONVERSION = YES;
				CLANG_WARN_INFINITE_RECURSION = YES;
				CLANG_WARN_INT_CONVERSION = YES;
				CLANG_WARN_NON_LITERAL_NULL_CONVERSION = YES;
				CLANG_WARN_OBJC_IMPLICIT_RETAIN_SELF = YES;
				CLANG_WARN_OBJC_LITERAL_CONVERSION = YES;
				CLANG_WARN_OBJC_ROOT_CLASS = YES_ERROR;
				CLANG_WARN_QUOTED_INCLUDE_IN_FRAMEWORK_HEADER = YES;
				CLANG_WARN_RANGE_LOOP_ANALYSIS = YES;
				CLANG_WARN_STRICT_PROTOTYPES = YES;
				CLANG_WARN_SUSPICIOUS_MOVE = YES;
				CLANG_WARN_UNGUARDED_AVAILABILITY = YES_AGGRESSIVE;
				CLANG_WARN_UNREACHABLE_CODE = YES;
				CLANG_WARN__DUPLICATE_METHOD_MATCH = YES;
				COPY_PHASE_STRIP = NO;
				DEBUG_INFORMATION_FORMAT = dwarf;
				ENABLE_STRICT_OBJC_MSGSEND = YES;
				ENABLE_TESTABILITY = YES;
				ENABLE_USER_SCRIPT_SANDBOXING = YES;
				GCC_C_LANGUAGE_STANDARD = gnu17;
				GCC_DYNAMIC_NO_PIC = NO;
				GCC_NO_COMMON_BLOCKS = YES;
				GCC_OPTIMIZATION_LEVEL = 0;
				GCC_PREPROCESSOR_DEFINITIONS = (
					"DEBUG=1",
					"$(inherited)",
				);
				GCC_WARN_64_TO_32_BIT_CONVERSION = YES;
				GCC_WARN_ABOUT_RETURN_TYPE = YES_ERROR;
				GCC_WARN_UNDECLARED_SELECTOR = YES;
				GCC_WARN_UNINITIALIZED_AUTOS = YES_AGGRESSIVE;
				GCC_WARN_UNUSED_FUNCTION = YES;
				GCC_WARN_UNUSED_VARIABLE = YES;
				IPHONEOS_DEPLOYMENT_TARGET = 17.4;
				LOCALIZATION_PREFERS_STRING_CATALOGS = YES;
				MTL_ENABLE_DEBUG_INFO = INCLUDE_SOURCE;
				MTL_FAST_MATH = YES;
				ONLY_ACTIVE_ARCH = YES;
				SDKROOT = iphoneos;
			};
			name = Debug;
		};
		FD182D102BE87CCE0049E85F /* Release */ = {
			isa = XCBuildConfiguration;
			buildSettings = {
				ALWAYS_SEARCH_USER_PATHS = NO;
				ASSETCATALOG_COMPILER_GENERATE_SWIFT_ASSET_SYMBOL_EXTENSIONS = YES;
				CLANG_ANALYZER_NONNULL = YES;
				CLANG_ANALYZER_NUMBER_OBJECT_CONVERSION = YES_AGGRESSIVE;
				CLANG_CXX_LANGUAGE_STANDARD = "gnu++20";
				CLANG_ENABLE_MODULES = YES;
				CLANG_ENABLE_OBJC_ARC = YES;
				CLANG_ENABLE_OBJC_WEAK = YES;
				CLANG_WARN_BLOCK_CAPTURE_AUTORELEASING = YES;
				CLANG_WARN_BOOL_CONVERSION = YES;
				CLANG_WARN_COMMA = YES;
				CLANG_WARN_CONSTANT_CONVERSION = YES;
				CLANG_WARN_DEPRECATED_OBJC_IMPLEMENTATIONS = YES;
				CLANG_WARN_DIRECT_OBJC_ISA_USAGE = YES_ERROR;
				CLANG_WARN_DOCUMENTATION_COMMENTS = YES;
				CLANG_WARN_EMPTY_BODY = YES;
				CLANG_WARN_ENUM_CONVERSION = YES;
				CLANG_WARN_INFINITE_RECURSION = YES;
				CLANG_WARN_INT_CONVERSION = YES;
				CLANG_WARN_NON_LITERAL_NULL_CONVERSION = YES;
				CLANG_WARN_OBJC_IMPLICIT_RETAIN_SELF = YES;
				CLANG_WARN_OBJC_LITERAL_CONVERSION = YES;
				CLANG_WARN_OBJC_ROOT_CLASS = YES_ERROR;
				CLANG_WARN_QUOTED_INCLUDE_IN_FRAMEWORK_HEADER = YES;
				CLANG_WARN_RANGE_LOOP_ANALYSIS = YES;
				CLANG_WARN_STRICT_PROTOTYPES = YES;
				CLANG_WARN_SUSPICIOUS_MOVE = YES;
				CLANG_WARN_UNGUARDED_AVAILABILITY = YES_AGGRESSIVE;
				CLANG_WARN_UNREACHABLE_CODE = YES;
				CLANG_WARN__DUPLICATE_METHOD_MATCH = YES;
				COPY_PHASE_STRIP = NO;
				DEBUG_INFORMATION_FORMAT = "dwarf-with-dsym";
				ENABLE_NS_ASSERTIONS = NO;
				ENABLE_STRICT_OBJC_MSGSEND = YES;
				ENABLE_USER_SCRIPT_SANDBOXING = YES;
				GCC_C_LANGUAGE_STANDARD = gnu17;
				GCC_NO_COMMON_BLOCKS = YES;
				GCC_WARN_64_TO_32_BIT_CONVERSION = YES;
				GCC_WARN_ABOUT_RETURN_TYPE = YES_ERROR;
				GCC_WARN_UNDECLARED_SELECTOR = YES;
				GCC_WARN_UNINITIALIZED_AUTOS = YES_AGGRESSIVE;
				GCC_WARN_UNUSED_FUNCTION = YES;
				GCC_WARN_UNUSED_VARIABLE = YES;
				IPHONEOS_DEPLOYMENT_TARGET = 17.4;
				LOCALIZATION_PREFERS_STRING_CATALOGS = YES;
				MTL_ENABLE_DEBUG_INFO = NO;
				MTL_FAST_MATH = YES;
				SDKROOT = iphoneos;
				VALIDATE_PRODUCT = YES;
			};
			name = Release;
		};
		FD182D122BE87CCE0049E85F /* Debug */ = {
			isa = XCBuildConfiguration;
			buildSettings = {
				ASSETCATALOG_COMPILER_APPICON_NAME = AppIcon;
				ASSETCATALOG_COMPILER_GLOBAL_ACCENT_COLOR_NAME = AccentColor;
				CODE_SIGN_STYLE = Automatic;
				CURRENT_PROJECT_VERSION = 1;
				DEVELOPMENT_TEAM = UBF8T346G9;
				GENERATE_INFOPLIST_FILE = YES;
				INFOPLIST_FILE = GenAIApp/Info.plist;
				INFOPLIST_KEY_UIApplicationSupportsIndirectInputEvents = YES;
				INFOPLIST_KEY_UILaunchStoryboardName = LaunchScreen;
				INFOPLIST_KEY_UIMainStoryboardFile = Main;
				INFOPLIST_KEY_UISupportedInterfaceOrientations_iPad = "UIInterfaceOrientationPortrait UIInterfaceOrientationPortraitUpsideDown UIInterfaceOrientationLandscapeLeft UIInterfaceOrientationLandscapeRight";
				INFOPLIST_KEY_UISupportedInterfaceOrientations_iPhone = "UIInterfaceOrientationPortrait UIInterfaceOrientationLandscapeLeft UIInterfaceOrientationLandscapeRight";
				IPHONEOS_DEPLOYMENT_TARGET = 16.6;
				LD_RUNPATH_SEARCH_PATHS = (
					"$(inherited)",
					"@executable_path/Frameworks",
				);
				LIBRARY_SEARCH_PATHS = (
					"$(inherited)",
					"$(PROJECT_DIR)/GenAIApp/lib",
				);
				MARKETING_VERSION = 1.0;
				PRODUCT_BUNDLE_IDENTIFIER = com.kinfeyapp.GenAIApp;
				PRODUCT_NAME = "$(TARGET_NAME)";
				SWIFT_EMIT_LOC_STRINGS = YES;
				TARGETED_DEVICE_FAMILY = "1,2";
			};
			name = Debug;
		};
		FD182D132BE87CCE0049E85F /* Release */ = {
			isa = XCBuildConfiguration;
			buildSettings = {
				ASSETCATALOG_COMPILER_APPICON_NAME = AppIcon;
				ASSETCATALOG_COMPILER_GLOBAL_ACCENT_COLOR_NAME = AccentColor;
				CODE_SIGN_STYLE = Automatic;
				CURRENT_PROJECT_VERSION = 1;
				DEVELOPMENT_TEAM = UBF8T346G9;
				GENERATE_INFOPLIST_FILE = YES;
				INFOPLIST_FILE = GenAIApp/Info.plist;
				INFOPLIST_KEY_UIApplicationSupportsIndirectInputEvents = YES;
				INFOPLIST_KEY_UILaunchStoryboardName = LaunchScreen;
				INFOPLIST_KEY_UIMainStoryboardFile = Main;
				INFOPLIST_KEY_UISupportedInterfaceOrientations_iPad = "UIInterfaceOrientationPortrait UIInterfaceOrientationPortraitUpsideDown UIInterfaceOrientationLandscapeLeft UIInterfaceOrientationLandscapeRight";
				INFOPLIST_KEY_UISupportedInterfaceOrientations_iPhone = "UIInterfaceOrientationPortrait UIInterfaceOrientationLandscapeLeft UIInterfaceOrientationLandscapeRight";
				IPHONEOS_DEPLOYMENT_TARGET = 16.6;
				LD_RUNPATH_SEARCH_PATHS = (
					"$(inherited)",
					"@executable_path/Frameworks",
				);
				LIBRARY_SEARCH_PATHS = (
					"$(inherited)",
					"$(PROJECT_DIR)/GenAIApp/lib",
				);
				MARKETING_VERSION = 1.0;
				PRODUCT_BUNDLE_IDENTIFIER = com.kinfeyapp.GenAIApp;
				PRODUCT_NAME = "$(TARGET_NAME)";
				SWIFT_EMIT_LOC_STRINGS = YES;
				TARGETED_DEVICE_FAMILY = "1,2";
			};
			name = Release;
		};
		FD182D152BE87CCE0049E85F /* Debug */ = {
			isa = XCBuildConfiguration;
			buildSettings = {
				BUNDLE_LOADER = "$(TEST_HOST)";
				CODE_SIGN_STYLE = Automatic;
				CURRENT_PROJECT_VERSION = 1;
				DEVELOPMENT_TEAM = 4QMB35C2T8;
				GENERATE_INFOPLIST_FILE = YES;
				IPHONEOS_DEPLOYMENT_TARGET = 17.4;
				MARKETING_VERSION = 1.0;
				PRODUCT_BUNDLE_IDENTIFIER = com.kinfeyapp.GenAIAppTests;
				PRODUCT_NAME = "$(TARGET_NAME)";
				SWIFT_EMIT_LOC_STRINGS = NO;
				TARGETED_DEVICE_FAMILY = "1,2";
				TEST_HOST = "$(BUILT_PRODUCTS_DIR)/GenAIApp.app/$(BUNDLE_EXECUTABLE_FOLDER_PATH)/GenAIApp";
			};
			name = Debug;
		};
		FD182D162BE87CCE0049E85F /* Release */ = {
			isa = XCBuildConfiguration;
			buildSettings = {
				BUNDLE_LOADER = "$(TEST_HOST)";
				CODE_SIGN_STYLE = Automatic;
				CURRENT_PROJECT_VERSION = 1;
				DEVELOPMENT_TEAM = 4QMB35C2T8;
				GENERATE_INFOPLIST_FILE = YES;
				IPHONEOS_DEPLOYMENT_TARGET = 17.4;
				MARKETING_VERSION = 1.0;
				PRODUCT_BUNDLE_IDENTIFIER = com.kinfeyapp.GenAIAppTests;
				PRODUCT_NAME = "$(TARGET_NAME)";
				SWIFT_EMIT_LOC_STRINGS = NO;
				TARGETED_DEVICE_FAMILY = "1,2";
				TEST_HOST = "$(BUILT_PRODUCTS_DIR)/GenAIApp.app/$(BUNDLE_EXECUTABLE_FOLDER_PATH)/GenAIApp";
			};
			name = Release;
		};
		FD182D182BE87CCE0049E85F /* Debug */ = {
			isa = XCBuildConfiguration;
			buildSettings = {
				CODE_SIGN_STYLE = Automatic;
				CURRENT_PROJECT_VERSION = 1;
				DEVELOPMENT_TEAM = 4QMB35C2T8;
				GENERATE_INFOPLIST_FILE = YES;
				MARKETING_VERSION = 1.0;
				PRODUCT_BUNDLE_IDENTIFIER = com.kinfeyapp.GenAIAppUITests;
				PRODUCT_NAME = "$(TARGET_NAME)";
				SWIFT_EMIT_LOC_STRINGS = NO;
				TARGETED_DEVICE_FAMILY = "1,2";
				TEST_TARGET_NAME = GenAIApp;
			};
			name = Debug;
		};
		FD182D192BE87CCE0049E85F /* Release */ = {
			isa = XCBuildConfiguration;
			buildSettings = {
				CODE_SIGN_STYLE = Automatic;
				CURRENT_PROJECT_VERSION = 1;
				DEVELOPMENT_TEAM = 4QMB35C2T8;
				GENERATE_INFOPLIST_FILE = YES;
				MARKETING_VERSION = 1.0;
				PRODUCT_BUNDLE_IDENTIFIER = com.kinfeyapp.GenAIAppUITests;
				PRODUCT_NAME = "$(TARGET_NAME)";
				SWIFT_EMIT_LOC_STRINGS = NO;
				TARGETED_DEVICE_FAMILY = "1,2";
				TEST_TARGET_NAME = GenAIApp;
			};
			name = Release;
		};
/* End XCBuildConfiguration section */

/* Begin XCConfigurationList section */
		FD182CDD2BE87CCC0049E85F /* Build configuration list for PBXProject "GenAIApp" */ = {
			isa = XCConfigurationList;
			buildConfigurations = (
				FD182D0F2BE87CCE0049E85F /* Debug */,
				FD182D102BE87CCE0049E85F /* Release */,
			);
			defaultConfigurationIsVisible = 0;
			defaultConfigurationName = Release;
		};
		FD182D112BE87CCE0049E85F /* Build configuration list for PBXNativeTarget "GenAIApp" */ = {
			isa = XCConfigurationList;
			buildConfigurations = (
				FD182D122BE87CCE0049E85F /* Debug */,
				FD182D132BE87CCE0049E85F /* Release */,
			);
			defaultConfigurationIsVisible = 0;
			defaultConfigurationName = Release;
		};
		FD182D142BE87CCE0049E85F /* Build configuration list for PBXNativeTarget "GenAIAppTests" */ = {
			isa = XCConfigurationList;
			buildConfigurations = (
				FD182D152BE87CCE0049E85F /* Debug */,
				FD182D162BE87CCE0049E85F /* Release */,
			);
			defaultConfigurationIsVisible = 0;
			defaultConfigurationName = Release;
		};
		FD182D172BE87CCE0049E85F /* Build configuration list for PBXNativeTarget "GenAIAppUITests" */ = {
			isa = XCConfigurationList;
			buildConfigurations = (
				FD182D182BE87CCE0049E85F /* Debug */,
				FD182D192BE87CCE0049E85F /* Release */,
			);
			defaultConfigurationIsVisible = 0;
			defaultConfigurationName = Release;
		};
/* End XCConfigurationList section */
	};
	rootObject = FD182CDA2BE87CCC0049E85F /* Project object */;
}
