// !$*UTF8*$!
{
	archiveVersion = 1;
	classes = {
	};
	objectVersion = 50;
	objects = {

/* Begin PBXBuildFile section */
		2E9C81B228F7678E00F46565 /* wav2vec2-base-960h.ort in Resources */ = {isa = PBXBuildFile; fileRef = 2E9C81B128F7678E00F46565 /* wav2vec2-base-960h.ort */; };
		EFE237D726855E4600234E2C /* SpeechRecognitionApp.swift in Sources */ = {isa = PBXBuildFile; fileRef = EFE237D626855E4600234E2C /* SpeechRecognitionApp.swift */; };
		EFE237D926855E4600234E2C /* ContentView.swift in Sources */ = {isa = PBXBuildFile; fileRef = EFE237D826855E4600234E2C /* ContentView.swift */; };
		EFE237DB26855E4B00234E2C /* Assets.xcassets in Resources */ = {isa = PBXBuildFile; fileRef = EFE237DA26855E4B00234E2C /* Assets.xcassets */; };
		EFE237DE26855E4B00234E2C /* Preview Assets.xcassets in Resources */ = {isa = PBXBuildFile; fileRef = EFE237DD26855E4B00234E2C /* Preview Assets.xcassets */; };
		EFE237E926855E4B00234E2C /* SpeechRecognitionTests.swift in Sources */ = {isa = PBXBuildFile; fileRef = EFE237E826855E4B00234E2C /* SpeechRecognitionTests.swift */; };
		EFE2380226855FB900234E2C /* AudioRecorder.swift in Sources */ = {isa = PBXBuildFile; fileRef = EFE2380126855FB900234E2C /* AudioRecorder.swift */; };
		EFE2380526855FD700234E2C /* SpeechRecognizer.swift in Sources */ = {isa = PBXBuildFile; fileRef = EFE2380426855FD700234E2C /* SpeechRecognizer.swift */; };
/* End PBXBuildFile section */

/* Begin PBXContainerItemProxy section */
		EFE237E526855E4B00234E2C /* PBXContainerItemProxy */ = {
			isa = PBXContainerItemProxy;
			containerPortal = EFE237CB26855E4600234E2C /* Project object */;
			proxyType = 1;
			remoteGlobalIDString = EFE237D226855E4600234E2C;
			remoteInfo = SpeechRecognition;
		};
/* End PBXContainerItemProxy section */

/* Begin PBXFileReference section */
		2E9C81B128F7678E00F46565 /* wav2vec2-base-960h.ort */ = {isa = PBXFileReference; lastKnownFileType = file; name = "wav2vec2-base-960h.ort"; path = "model/wav2vec2-base-960h.ort"; sourceTree = "<group>"; };
		EFE237D326855E4600234E2C /* SpeechRecognition.app */ = {isa = PBXFileReference; explicitFileType = wrapper.application; includeInIndex = 0; path = SpeechRecognition.app; sourceTree = BUILT_PRODUCTS_DIR; };
		EFE237D626855E4600234E2C /* SpeechRecognitionApp.swift */ = {isa = PBXFileReference; lastKnownFileType = sourcecode.swift; path = SpeechRecognitionApp.swift; sourceTree = "<group>"; };
		EFE237D826855E4600234E2C /* ContentView.swift */ = {isa = PBXFileReference; lastKnownFileType = sourcecode.swift; path = ContentView.swift; sourceTree = "<group>"; };
		EFE237DA26855E4B00234E2C /* Assets.xcassets */ = {isa = PBXFileReference; lastKnownFileType = folder.assetcatalog; path = Assets.xcassets; sourceTree = "<group>"; };
		EFE237DD26855E4B00234E2C /* Preview Assets.xcassets */ = {isa = PBXFileReference; lastKnownFileType = folder.assetcatalog; path = "Preview Assets.xcassets"; sourceTree = "<group>"; };
		EFE237DF26855E4B00234E2C /* Info.plist */ = {isa = PBXFileReference; lastKnownFileType = text.plist.xml; path = Info.plist; sourceTree = "<group>"; };
		EFE237E426855E4B00234E2C /* SpeechRecognitionTests.xctest */ = {isa = PBXFileReference; explicitFileType = wrapper.cfbundle; includeInIndex = 0; path = SpeechRecognitionTests.xctest; sourceTree = BUILT_PRODUCTS_DIR; };
		EFE237E826855E4B00234E2C /* SpeechRecognitionTests.swift */ = {isa = PBXFileReference; lastKnownFileType = sourcecode.swift; path = SpeechRecognitionTests.swift; sourceTree = "<group>"; };
		EFE237EA26855E4B00234E2C /* Info.plist */ = {isa = PBXFileReference; lastKnownFileType = text.plist.xml; path = Info.plist; sourceTree = "<group>"; };
		EFE2380126855FB900234E2C /* AudioRecorder.swift */ = {isa = PBXFileReference; fileEncoding = 4; lastKnownFileType = sourcecode.swift; path = AudioRecorder.swift; sourceTree = "<group>"; };
		EFE2380326855FC800234E2C /* SpeechRecognition-Bridging-Header.h */ = {isa = PBXFileReference; fileEncoding = 4; lastKnownFileType = sourcecode.c.h; path = "SpeechRecognition-Bridging-Header.h"; sourceTree = "<group>"; };
		EFE2380426855FD700234E2C /* SpeechRecognizer.swift */ = {isa = PBXFileReference; fileEncoding = 4; lastKnownFileType = sourcecode.swift; path = SpeechRecognizer.swift; sourceTree = "<group>"; };
/* End PBXFileReference section */

/* Begin PBXFrameworksBuildPhase section */
		EFE237D026855E4600234E2C /* Frameworks */ = {
			isa = PBXFrameworksBuildPhase;
			buildActionMask = 2147483647;
			files = (
			);
			runOnlyForDeploymentPostprocessing = 0;
		};
		EFE237E126855E4B00234E2C /* Frameworks */ = {
			isa = PBXFrameworksBuildPhase;
			buildActionMask = 2147483647;
			files = (
			);
			runOnlyForDeploymentPostprocessing = 0;
		};
/* End PBXFrameworksBuildPhase section */

/* Begin PBXGroup section */
		BE5303DF73A9410AA3E0E0EA /* Pods */ = {
			isa = PBXGroup;
			children = (
			);
			path = Pods;
			sourceTree = "<group>";
		};
		EFE237CA26855E4600234E2C = {
			isa = PBXGroup;
			children = (
				EFE237D526855E4600234E2C /* SpeechRecognition */,
				EFE237E726855E4B00234E2C /* SpeechRecognitionTests */,
				EFE237D426855E4600234E2C /* Products */,
				BE5303DF73A9410AA3E0E0EA /* Pods */,
			);
			sourceTree = "<group>";
		};
		EFE237D426855E4600234E2C /* Products */ = {
			isa = PBXGroup;
			children = (
				EFE237D326855E4600234E2C /* SpeechRecognition.app */,
				EFE237E426855E4B00234E2C /* SpeechRecognitionTests.xctest */,
			);
			name = Products;
			sourceTree = "<group>";
		};
		EFE237D526855E4600234E2C /* SpeechRecognition */ = {
			isa = PBXGroup;
			children = (
				2E9C81B128F7678E00F46565 /* wav2vec2-base-960h.ort */,
				EFE2380126855FB900234E2C /* AudioRecorder.swift */,
				EFE2380426855FD700234E2C /* SpeechRecognizer.swift */,
				EFE2380326855FC800234E2C /* SpeechRecognition-Bridging-Header.h */,
				EFE237D626855E4600234E2C /* SpeechRecognitionApp.swift */,
				EFE237D826855E4600234E2C /* ContentView.swift */,
				EFE237DA26855E4B00234E2C /* Assets.xcassets */,
				EFE237DF26855E4B00234E2C /* Info.plist */,
				EFE237DC26855E4B00234E2C /* Preview Content */,
			);
			path = SpeechRecognition;
			sourceTree = "<group>";
		};
		EFE237DC26855E4B00234E2C /* Preview Content */ = {
			isa = PBXGroup;
			children = (
				EFE237DD26855E4B00234E2C /* Preview Assets.xcassets */,
			);
			path = "Preview Content";
			sourceTree = "<group>";
		};
		EFE237E726855E4B00234E2C /* SpeechRecognitionTests */ = {
			isa = PBXGroup;
			children = (
				EFE237E826855E4B00234E2C /* SpeechRecognitionTests.swift */,
				EFE237EA26855E4B00234E2C /* Info.plist */,
			);
			path = SpeechRecognitionTests;
			sourceTree = "<group>";
		};
/* End PBXGroup section */

/* Begin PBXNativeTarget section */
		EFE237D226855E4600234E2C /* SpeechRecognition */ = {
			isa = PBXNativeTarget;
			buildConfigurationList = EFE237F826855E4B00234E2C /* Build configuration list for PBXNativeTarget "SpeechRecognition" */;
			buildPhases = (
				EFE237CF26855E4600234E2C /* Sources */,
				EFE237D026855E4600234E2C /* Frameworks */,
				EFE237D126855E4600234E2C /* Resources */,
			);
			buildRules = (
			);
			dependencies = (
			);
			name = SpeechRecognition;
			productName = SpeechRecognition;
			productReference = EFE237D326855E4600234E2C /* SpeechRecognition.app */;
			productType = "com.apple.product-type.application";
		};
		EFE237E326855E4B00234E2C /* SpeechRecognitionTests */ = {
			isa = PBXNativeTarget;
			buildConfigurationList = EFE237FB26855E4B00234E2C /* Build configuration list for PBXNativeTarget "SpeechRecognitionTests" */;
			buildPhases = (
				EFE237E026855E4B00234E2C /* Sources */,
				EFE237E126855E4B00234E2C /* Frameworks */,
				EFE237E226855E4B00234E2C /* Resources */,
			);
			buildRules = (
			);
			dependencies = (
				EFE237E626855E4B00234E2C /* PBXTargetDependency */,
			);
			name = SpeechRecognitionTests;
			productName = SpeechRecognitionTests;
			productReference = EFE237E426855E4B00234E2C /* SpeechRecognitionTests.xctest */;
			productType = "com.apple.product-type.bundle.unit-test";
		};
/* End PBXNativeTarget section */

/* Begin PBXProject section */
		EFE237CB26855E4600234E2C /* Project object */ = {
			isa = PBXProject;
			attributes = {
				LastSwiftUpdateCheck = 1250;
				LastUpgradeCheck = 1250;
				TargetAttributes = {
					EFE237D226855E4600234E2C = {
						CreatedOnToolsVersion = 12.5.1;
					};
					EFE237E326855E4B00234E2C = {
						CreatedOnToolsVersion = 12.5.1;
						TestTargetID = EFE237D226855E4600234E2C;
					};
				};
			};
			buildConfigurationList = EFE237CE26855E4600234E2C /* Build configuration list for PBXProject "SpeechRecognition" */;
			compatibilityVersion = "Xcode 9.3";
			developmentRegion = en;
			hasScannedForEncodings = 0;
			knownRegions = (
				en,
				Base,
			);
			mainGroup = EFE237CA26855E4600234E2C;
			productRefGroup = EFE237D426855E4600234E2C /* Products */;
			projectDirPath = "";
			projectRoot = "";
			targets = (
				EFE237D226855E4600234E2C /* SpeechRecognition */,
				EFE237E326855E4B00234E2C /* SpeechRecognitionTests */,
			);
		};
/* End PBXProject section */

/* Begin PBXResourcesBuildPhase section */
		EFE237D126855E4600234E2C /* Resources */ = {
			isa = PBXResourcesBuildPhase;
			buildActionMask = 2147483647;
			files = (
				EFE237DE26855E4B00234E2C /* Preview Assets.xcassets in Resources */,
				EFE237DB26855E4B00234E2C /* Assets.xcassets in Resources */,
				2E9C81B228F7678E00F46565 /* wav2vec2-base-960h.ort in Resources */,
			);
			runOnlyForDeploymentPostprocessing = 0;
		};
		EFE237E226855E4B00234E2C /* Resources */ = {
			isa = PBXResourcesBuildPhase;
			buildActionMask = 2147483647;
			files = (
			);
			runOnlyForDeploymentPostprocessing = 0;
		};
/* End PBXResourcesBuildPhase section */

/* Begin PBXSourcesBuildPhase section */
		EFE237CF26855E4600234E2C /* Sources */ = {
			isa = PBXSourcesBuildPhase;
			buildActionMask = 2147483647;
			files = (
				EFE2380226855FB900234E2C /* AudioRecorder.swift in Sources */,
				EFE2380526855FD700234E2C /* SpeechRecognizer.swift in Sources */,
				EFE237D926855E4600234E2C /* ContentView.swift in Sources */,
				EFE237D726855E4600234E2C /* SpeechRecognitionApp.swift in Sources */,
			);
			runOnlyForDeploymentPostprocessing = 0;
		};
		EFE237E026855E4B00234E2C /* Sources */ = {
			isa = PBXSourcesBuildPhase;
			buildActionMask = 2147483647;
			files = (
				EFE237E926855E4B00234E2C /* SpeechRecognitionTests.swift in Sources */,
			);
			runOnlyForDeploymentPostprocessing = 0;
		};
/* End PBXSourcesBuildPhase section */

/* Begin PBXTargetDependency section */
		EFE237E626855E4B00234E2C /* PBXTargetDependency */ = {
			isa = PBXTargetDependency;
			target = EFE237D226855E4600234E2C /* SpeechRecognition */;
			targetProxy = EFE237E526855E4B00234E2C /* PBXContainerItemProxy */;
		};
/* End PBXTargetDependency section */

/* Begin XCBuildConfiguration section */
		EFE237F626855E4B00234E2C /* Debug */ = {
			isa = XCBuildConfiguration;
			buildSettings = {
				ALWAYS_SEARCH_USER_PATHS = NO;
				CLANG_ANALYZER_NONNULL = YES;
				CLANG_ANALYZER_NUMBER_OBJECT_CONVERSION = YES_AGGRESSIVE;
				CLANG_CXX_LANGUAGE_STANDARD = "gnu++14";
				CLANG_CXX_LIBRARY = "libc++";
				CLANG_ENABLE_MODULES = YES;
				CLANG_ENABLE_OBJC_ARC = YES;
				CLANG_ENABLE_OBJC_WEAK = YES;
				CLANG_WARN_BLOCK_CAPTURE_AUTORELEASING = YES;
				CLANG_WARN_BOOL_CONVERSION = YES;
				CLANG_WARN_COMMA = YES;
				CLANG_WARN_CONSTANT_CONVERSION = YES;
				CLANG_WARN_DEPRECATED_OBJC_IMPLEMENTATIONS = YES;
				CLANG_WARN_DIRECT_OBJC_ISA_USAGE = YES_ERROR;
				CLANG_WARN_DOCUMENTATION_COMMENTS = YES;
				CLANG_WARN_EMPTY_BODY = YES;
				CLANG_WARN_ENUM_CONVERSION = YES;
				CLANG_WARN_INFINITE_RECURSION = YES;
				CLANG_WARN_INT_CONVERSION = YES;
				CLANG_WARN_NON_LITERAL_NULL_CONVERSION = YES;
				CLANG_WARN_OBJC_IMPLICIT_RETAIN_SELF = YES;
				CLANG_WARN_OBJC_LITERAL_CONVERSION = YES;
				CLANG_WARN_OBJC_ROOT_CLASS = YES_ERROR;
				CLANG_WARN_QUOTED_INCLUDE_IN_FRAMEWORK_HEADER = YES;
				CLANG_WARN_RANGE_LOOP_ANALYSIS = YES;
				CLANG_WARN_STRICT_PROTOTYPES = YES;
				CLANG_WARN_SUSPICIOUS_MOVE = YES;
				CLANG_WARN_UNGUARDED_AVAILABILITY = YES_AGGRESSIVE;
				CLANG_WARN_UNREACHABLE_CODE = YES;
				CLANG_WARN__DUPLICATE_METHOD_MATCH = YES;
				COPY_PHASE_STRIP = NO;
				DEBUG_INFORMATION_FORMAT = dwarf;
				ENABLE_STRICT_OBJC_MSGSEND = YES;
				ENABLE_TESTABILITY = YES;
				GCC_C_LANGUAGE_STANDARD = gnu11;
				GCC_DYNAMIC_NO_PIC = NO;
				GCC_NO_COMMON_BLOCKS = YES;
				GCC_OPTIMIZATION_LEVEL = 0;
				GCC_PREPROCESSOR_DEFINITIONS = (
					"DEBUG=1",
					"$(inherited)",
				);
				GCC_WARN_64_TO_32_BIT_CONVERSION = YES;
				GCC_WARN_ABOUT_RETURN_TYPE = YES_ERROR;
				GCC_WARN_UNDECLARED_SELECTOR = YES;
				GCC_WARN_UNINITIALIZED_AUTOS = YES_AGGRESSIVE;
				GCC_WARN_UNUSED_FUNCTION = YES;
				GCC_WARN_UNUSED_VARIABLE = YES;
				IPHONEOS_DEPLOYMENT_TARGET = 14.5;
				MTL_ENABLE_DEBUG_INFO = INCLUDE_SOURCE;
				MTL_FAST_MATH = YES;
				ONLY_ACTIVE_ARCH = YES;
				SDKROOT = iphoneos;
				SWIFT_ACTIVE_COMPILATION_CONDITIONS = DEBUG;
				SWIFT_OPTIMIZATION_LEVEL = "-Onone";
			};
			name = Debug;
		};
		EFE237F726855E4B00234E2C /* Release */ = {
			isa = XCBuildConfiguration;
			buildSettings = {
				ALWAYS_SEARCH_USER_PATHS = NO;
				CLANG_ANALYZER_NONNULL = YES;
				CLANG_ANALYZER_NUMBER_OBJECT_CONVERSION = YES_AGGRESSIVE;
				CLANG_CXX_LANGUAGE_STANDARD = "gnu++14";
				CLANG_CXX_LIBRARY = "libc++";
				CLANG_ENABLE_MODULES = YES;
				CLANG_ENABLE_OBJC_ARC = YES;
				CLANG_ENABLE_OBJC_WEAK = YES;
				CLANG_WARN_BLOCK_CAPTURE_AUTORELEASING = YES;
				CLANG_WARN_BOOL_CONVERSION = YES;
				CLANG_WARN_COMMA = YES;
				CLANG_WARN_CONSTANT_CONVERSION = YES;
				CLANG_WARN_DEPRECATED_OBJC_IMPLEMENTATIONS = YES;
				CLANG_WARN_DIRECT_OBJC_ISA_USAGE = YES_ERROR;
				CLANG_WARN_DOCUMENTATION_COMMENTS = YES;
				CLANG_WARN_EMPTY_BODY = YES;
				CLANG_WARN_ENUM_CONVERSION = YES;
				CLANG_WARN_INFINITE_RECURSION = YES;
				CLANG_WARN_INT_CONVERSION = YES;
				CLANG_WARN_NON_LITERAL_NULL_CONVERSION = YES;
				CLANG_WARN_OBJC_IMPLICIT_RETAIN_SELF = YES;
				CLANG_WARN_OBJC_LITERAL_CONVERSION = YES;
				CLANG_WARN_OBJC_ROOT_CLASS = YES_ERROR;
				CLANG_WARN_QUOTED_INCLUDE_IN_FRAMEWORK_HEADER = YES;
				CLANG_WARN_RANGE_LOOP_ANALYSIS = YES;
				CLANG_WARN_STRICT_PROTOTYPES = YES;
				CLANG_WARN_SUSPICIOUS_MOVE = YES;
				CLANG_WARN_UNGUARDED_AVAILABILITY = YES_AGGRESSIVE;
				CLANG_WARN_UNREACHABLE_CODE = YES;
				CLANG_WARN__DUPLICATE_METHOD_MATCH = YES;
				COPY_PHASE_STRIP = NO;
				DEBUG_INFORMATION_FORMAT = "dwarf-with-dsym";
				ENABLE_NS_ASSERTIONS = NO;
				ENABLE_STRICT_OBJC_MSGSEND = YES;
				GCC_C_LANGUAGE_STANDARD = gnu11;
				GCC_NO_COMMON_BLOCKS = YES;
				GCC_WARN_64_TO_32_BIT_CONVERSION = YES;
				GCC_WARN_ABOUT_RETURN_TYPE = YES_ERROR;
				GCC_WARN_UNDECLARED_SELECTOR = YES;
				GCC_WARN_UNINITIALIZED_AUTOS = YES_AGGRESSIVE;
				GCC_WARN_UNUSED_FUNCTION = YES;
				GCC_WARN_UNUSED_VARIABLE = YES;
				IPHONEOS_DEPLOYMENT_TARGET = 14.5;
				MTL_ENABLE_DEBUG_INFO = NO;
				MTL_FAST_MATH = YES;
				SDKROOT = iphoneos;
				SWIFT_COMPILATION_MODE = wholemodule;
				SWIFT_OPTIMIZATION_LEVEL = "-O";
				VALIDATE_PRODUCT = YES;
			};
			name = Release;
		};
		EFE237F926855E4B00234E2C /* Debug */ = {
			isa = XCBuildConfiguration;
			buildSettings = {
				ASSETCATALOG_COMPILER_APPICON_NAME = AppIcon;
				ASSETCATALOG_COMPILER_GLOBAL_ACCENT_COLOR_NAME = AccentColor;
				CODE_SIGN_STYLE = Automatic;
				DEVELOPMENT_ASSET_PATHS = "\"SpeechRecognition/Preview Content\"";
				ENABLE_PREVIEWS = YES;
				INFOPLIST_FILE = SpeechRecognition/Info.plist;
				IPHONEOS_DEPLOYMENT_TARGET = 14.0;
				LD_RUNPATH_SEARCH_PATHS = (
					"$(inherited)",
					"@executable_path/Frameworks",
				);
				PRODUCT_BUNDLE_IDENTIFIER = com.onnxruntime.SpeechRecognition;
				PRODUCT_NAME = "$(TARGET_NAME)";
				SWIFT_OBJC_BRIDGING_HEADER = "SpeechRecognition/SpeechRecognition-Bridging-Header.h";
				SWIFT_VERSION = 5.0;
				TARGETED_DEVICE_FAMILY = 1;
			};
			name = Debug;
		};
		EFE237FA26855E4B00234E2C /* Release */ = {
			isa = XCBuildConfiguration;
			buildSettings = {
				ASSETCATALOG_COMPILER_APPICON_NAME = AppIcon;
				ASSETCATALOG_COMPILER_GLOBAL_ACCENT_COLOR_NAME = AccentColor;
				CODE_SIGN_STYLE = Automatic;
				DEVELOPMENT_ASSET_PATHS = "\"SpeechRecognition/Preview Content\"";
				ENABLE_PREVIEWS = YES;
				INFOPLIST_FILE = SpeechRecognition/Info.plist;
				IPHONEOS_DEPLOYMENT_TARGET = 14.0;
				LD_RUNPATH_SEARCH_PATHS = (
					"$(inherited)",
					"@executable_path/Frameworks",
				);
				PRODUCT_BUNDLE_IDENTIFIER = com.onnxruntime.SpeechRecognition;
				PRODUCT_NAME = "$(TARGET_NAME)";
				SWIFT_OBJC_BRIDGING_HEADER = "SpeechRecognition/SpeechRecognition-Bridging-Header.h";
				SWIFT_VERSION = 5.0;
				TARGETED_DEVICE_FAMILY = 1;
			};
			name = Release;
		};
		EFE237FC26855E4B00234E2C /* Debug */ = {
			isa = XCBuildConfiguration;
			buildSettings = {
				ALWAYS_EMBED_SWIFT_STANDARD_LIBRARIES = YES;
				BUNDLE_LOADER = "$(TEST_HOST)";
				CODE_SIGN_STYLE = Automatic;
				INFOPLIST_FILE = SpeechRecognitionTests/Info.plist;
				IPHONEOS_DEPLOYMENT_TARGET = 14.0;
				LD_RUNPATH_SEARCH_PATHS = (
					"$(inherited)",
					"@executable_path/Frameworks",
					"@loader_path/Frameworks",
				);
				PRODUCT_BUNDLE_IDENTIFIER = com.onnxruntime.SpeechRecognitionTests;
				PRODUCT_NAME = "$(TARGET_NAME)";
				SWIFT_VERSION = 5.0;
				TARGETED_DEVICE_FAMILY = "1,2";
				TEST_HOST = "$(BUILT_PRODUCTS_DIR)/SpeechRecognition.app/SpeechRecognition";
			};
			name = Debug;
		};
		EFE237FD26855E4B00234E2C /* Release */ = {
			isa = XCBuildConfiguration;
			buildSettings = {
				ALWAYS_EMBED_SWIFT_STANDARD_LIBRARIES = YES;
				BUNDLE_LOADER = "$(TEST_HOST)";
				CODE_SIGN_STYLE = Automatic;
				INFOPLIST_FILE = SpeechRecognitionTests/Info.plist;
				IPHONEOS_DEPLOYMENT_TARGET = 14.0;
				LD_RUNPATH_SEARCH_PATHS = (
					"$(inherited)",
					"@executable_path/Frameworks",
					"@loader_path/Frameworks",
				);
				PRODUCT_BUNDLE_IDENTIFIER = com.onnxruntime.SpeechRecognitionTests;
				PRODUCT_NAME = "$(TARGET_NAME)";
				SWIFT_VERSION = 5.0;
				TARGETED_DEVICE_FAMILY = "1,2";
				TEST_HOST = "$(BUILT_PRODUCTS_DIR)/SpeechRecognition.app/SpeechRecognition";
			};
			name = Release;
		};
/* End XCBuildConfiguration section */

/* Begin XCConfigurationList section */
		EFE237CE26855E4600234E2C /* Build configuration list for PBXProject "SpeechRecognition" */ = {
			isa = XCConfigurationList;
			buildConfigurations = (
				EFE237F626855E4B00234E2C /* Debug */,
				EFE237F726855E4B00234E2C /* Release */,
			);
			defaultConfigurationIsVisible = 0;
			defaultConfigurationName = Release;
		};
		EFE237F826855E4B00234E2C /* Build configuration list for PBXNativeTarget "SpeechRecognition" */ = {
			isa = XCConfigurationList;
			buildConfigurations = (
				EFE237F926855E4B00234E2C /* Debug */,
				EFE237FA26855E4B00234E2C /* Release */,
			);
			defaultConfigurationIsVisible = 0;
			defaultConfigurationName = Release;
		};
		EFE237FB26855E4B00234E2C /* Build configuration list for PBXNativeTarget "SpeechRecognitionTests" */ = {
			isa = XCConfigurationList;
			buildConfigurations = (
				EFE237FC26855E4B00234E2C /* Debug */,
				EFE237FD26855E4B00234E2C /* Release */,
			);
			defaultConfigurationIsVisible = 0;
			defaultConfigurationName = Release;
		};
/* End XCConfigurationList section */
	};
	rootObject = EFE237CB26855E4600234E2C /* Project object */;
}
