
Microsoft Visual Studio Solution File, Format Version 12.00
# Visual Studio Version 17
VisualStudioVersion = 17.0.31903.59
MinimumVisualStudioVersion = 10.0.40219.1
Project("{FAE04EC0-301F-11D3-BF4B-00C04F79EFBC}") = "Contoso.ML.OnnxRuntime.EP.Basic", "Contoso.ML.OnnxRuntime.EP.Basic\Contoso.ML.OnnxRuntime.EP.Basic.csproj", "{07807D61-E3FC-401E-B947-328645A0A775}"
EndProject
Project("{FAE04EC0-301F-11D3-BF4B-00C04F79EFBC}") = "SampleApp", "SampleApp\SampleApp.csproj", "{9725B6C8-5BB5-45C6-9F93-FA4322215154}"
EndProject
Global
	GlobalSection(SolutionConfigurationPlatforms) = preSolution
		Debug|Any CPU = Debug|Any CPU
		Debug|x64 = Debug|x64
		Debug|x86 = Debug|x86
		Release|Any CPU = Release|Any CPU
		Release|x64 = Release|x64
		Release|x86 = Release|x86
	EndGlobalSection
	GlobalSection(ProjectConfigurationPlatforms) = postSolution
		{07807D61-E3FC-401E-B947-328645A0A775}.Debug|Any CPU.ActiveCfg = Debug|Any CPU
		{07807D61-E3FC-401E-B947-328645A0A775}.Debug|Any CPU.Build.0 = Debug|Any CPU
		{07807D61-E3FC-401E-B947-328645A0A775}.Debug|x64.ActiveCfg = Debug|Any CPU
		{07807D61-E3FC-401E-B947-328645A0A775}.Debug|x64.Build.0 = Debug|Any CPU
		{07807D61-E3FC-401E-B947-328645A0A775}.Debug|x86.ActiveCfg = Debug|Any CPU
		{07807D61-E3FC-401E-B947-328645A0A775}.Debug|x86.Build.0 = Debug|Any CPU
		{07807D61-E3FC-401E-B947-328645A0A775}.Release|Any CPU.ActiveCfg = Release|Any CPU
		{07807D61-E3FC-401E-B947-328645A0A775}.Release|Any CPU.Build.0 = Release|Any CPU
		{07807D61-E3FC-401E-B947-328645A0A775}.Release|x64.ActiveCfg = Release|Any CPU
		{07807D61-E3FC-401E-B947-328645A0A775}.Release|x64.Build.0 = Release|Any CPU
		{07807D61-E3FC-401E-B947-328645A0A775}.Release|x86.ActiveCfg = Release|Any CPU
		{07807D61-E3FC-401E-B947-328645A0A775}.Release|x86.Build.0 = Release|Any CPU
		{9725B6C8-5BB5-45C6-9F93-FA4322215154}.Debug|Any CPU.ActiveCfg = Debug|Any CPU
		{9725B6C8-5BB5-45C6-9F93-FA4322215154}.Debug|Any CPU.Build.0 = Debug|Any CPU
		{9725B6C8-5BB5-45C6-9F93-FA4322215154}.Debug|x64.ActiveCfg = Debug|Any CPU
		{9725B6C8-5BB5-45C6-9F93-FA4322215154}.Debug|x64.Build.0 = Debug|Any CPU
		{9725B6C8-5BB5-45C6-9F93-FA4322215154}.Debug|x86.ActiveCfg = Debug|Any CPU
		{9725B6C8-5BB5-45C6-9F93-FA4322215154}.Debug|x86.Build.0 = Debug|Any CPU
		{9725B6C8-5BB5-45C6-9F93-FA4322215154}.Release|Any CPU.ActiveCfg = Release|Any CPU
		{9725B6C8-5BB5-45C6-9F93-FA4322215154}.Release|Any CPU.Build.0 = Release|Any CPU
		{9725B6C8-5BB5-45C6-9F93-FA4322215154}.Release|x64.ActiveCfg = Release|Any CPU
		{9725B6C8-5BB5-45C6-9F93-FA4322215154}.Release|x64.Build.0 = Release|Any CPU
		{9725B6C8-5BB5-45C6-9F93-FA4322215154}.Release|x86.ActiveCfg = Release|Any CPU
		{9725B6C8-5BB5-45C6-9F93-FA4322215154}.Release|x86.Build.0 = Release|Any CPU
	EndGlobalSection
	GlobalSection(SolutionProperties) = preSolution
		HideSolutionNode = FALSE
	EndGlobalSection
EndGlobal
