PODS:
  - onnxruntime-mobile-c (1.8.0)
  - onnxruntime-mobile-objc (1.8.0-preview):
    - onnxruntime-mobile-objc/Core (= 1.8.0-preview)
  - onnxruntime-mobile-objc/Core (1.8.0-preview):
    - onnxruntime-mobile-c (= 1.8.0)

DEPENDENCIES:
  - onnxruntime-mobile-objc (= 1.8.0-preview)

SPEC REPOS:
  https://github.com/CocoaPods/Specs.git:
    - onnxruntime-mobile-c
    - onnxruntime-mobile-objc

SPEC CHECKSUMS:
  onnxruntime-mobile-c: bdefcdbeb53e1e4862dd4b354da0f155fd29c4b9
  onnxruntime-mobile-objc: 891138f1cb242c83eca3725aab0aa095c1f50571

PODFILE CHECKSUM: d465c2a323f60c3af7e191b4d6da845adea0cfbb

COCOAPODS: 1.10.1
