PODS:
  - onnxruntime-mobile-c (1.8.1)
  - onnxruntime-mobile-objc (1.8.1):
    - onnxruntime-mobile-objc/Core (= 1.8.1)
  - onnxruntime-mobile-objc/Core (1.8.1):
    - onnxruntime-mobile-c (= 1.8.1)

DEPENDENCIES:
  - onnxruntime-mobile-objc (= 1.8.1)

SPEC REPOS:
  https://github.com/CocoaPods/Specs.git:
    - onnxruntime-mobile-c
    - onnxruntime-mobile-objc

SPEC CHECKSUMS:
  onnxruntime-mobile-c: a81344d2eca1e10fb95c5ea3b0e5e7ecabe110d7
  onnxruntime-mobile-objc: 36049ed81d009bc5b554f97101dfc0da98f1fe4a

PODFILE CHECKSUM: 71bf0f7e174288f375d8a538d6270d568d8af292

COCOAPODS: 1.10.1
